# THIS IS AN AUTOGENERATED FILE. DO NOT EDIT THIS FILE DIRECTLY.
# yarn lockfile v1


acorn@^4.0.3:
  version "4.0.13"
  resolved "https://registry.yarnpkg.com/acorn/-/acorn-4.0.13.tgz#105495ae5361d697bd195c825192e1ad7f253787"

align-text@^0.1.1, align-text@^0.1.3:
  version "0.1.4"
  resolved "https://registry.yarnpkg.com/align-text/-/align-text-0.1.4.tgz#0cd90a561093f35d0a99256c22b7069433fad117"
  dependencies:
    kind-of "^3.0.2"
    longest "^1.0.1"
    repeat-string "^1.5.2"

alter@~0.2.0:
  version "0.2.0"
  resolved "https://registry.yarnpkg.com/alter/-/alter-0.2.0.tgz#c7588808617572034aae62480af26b1d4d1cb3cd"
  dependencies:
    stable "~0.1.3"

amd-name-resolver@0.0.6:
  version "0.0.6"
  resolved "https://registry.yarnpkg.com/amd-name-resolver/-/amd-name-resolver-0.0.6.tgz#d3e4ba2dfcaab1d820c1be9de947c67828cfe595"
  dependencies:
    ensure-posix-path "^1.0.1"

amdefine@>=0.0.4:
  version "1.0.1"
  resolved "https://registry.yarnpkg.com/amdefine/-/amdefine-1.0.1.tgz#4a5282ac164729e93619bcfd3ad151f817ce91f5"

ansi-regex@^2.0.0:
  version "2.1.1"
  resolved "https://registry.yarnpkg.com/ansi-regex/-/ansi-regex-2.1.1.tgz#c3b33ab5ee360d86e0e628f0468ae7ef27d654df"

ansi-styles@^2.2.1:
  version "2.2.1"
  resolved "https://registry.yarnpkg.com/ansi-styles/-/ansi-styles-2.2.1.tgz#b432dd3358b634cf75e1e4664368240533c1ddbe"

array-equal@^1.0.0:
  version "1.0.0"
  resolved "https://registry.yarnpkg.com/array-equal/-/array-equal-1.0.0.tgz#8c2a5ef2472fd9ea742b04c77a75093ba2757c93"

assertion-error@^1.0.1:
  version "1.0.2"
  resolved "https://registry.yarnpkg.com/assertion-error/-/assertion-error-1.0.2.tgz#13ca515d86206da0bac66e834dd397d87581094c"

ast-traverse@~0.1.1:
  version "0.1.1"
  resolved "https://registry.yarnpkg.com/ast-traverse/-/ast-traverse-0.1.1.tgz#69cf2b8386f19dcda1bb1e05d68fe359d8897de6"

ast-types@0.8.12:
  version "0.8.12"
  resolved "https://registry.yarnpkg.com/ast-types/-/ast-types-0.8.12.tgz#a0d90e4351bb887716c83fd637ebf818af4adfcc"

ast-types@0.8.15:
  version "0.8.15"
  resolved "https://registry.yarnpkg.com/ast-types/-/ast-types-0.8.15.tgz#8eef0827f04dff0ec8857ba925abe3fea6194e52"

ast-types@0.9.6:
  version "0.9.6"
  resolved "https://registry.yarnpkg.com/ast-types/-/ast-types-0.9.6.tgz#102c9e9e9005d3e7e3829bf0c4fa24ee862ee9b9"

async-disk-cache@^1.2.1:
  version "1.3.2"
  resolved "https://registry.yarnpkg.com/async-disk-cache/-/async-disk-cache-1.3.2.tgz#ac53d6152843df202c9406e28d774362608d74dd"
  dependencies:
    debug "^2.1.3"
    heimdalljs "^0.2.3"
    istextorbinary "2.1.0"
    mkdirp "^0.5.0"
    rimraf "^2.5.3"
    rsvp "^3.0.18"
    username-sync "1.0.1"

async-promise-queue@^1.0.3:
  version "1.0.4"
  resolved "https://registry.yarnpkg.com/async-promise-queue/-/async-promise-queue-1.0.4.tgz#308baafbc74aff66a0bb6e7f4a18d4fe8434440c"
  dependencies:
    async "^2.4.1"
    debug "^2.6.8"

async@^1.4.0:
  version "1.5.2"
  resolved "https://registry.yarnpkg.com/async/-/async-1.5.2.tgz#ec6a61ae56480c0c3cb241c95618e20892f9672a"

async@^2.4.1:
  version "2.5.0"
  resolved "https://registry.yarnpkg.com/async/-/async-2.5.0.tgz#843190fd6b7357a0b9e1c956edddd5ec8462b54d"
  dependencies:
    lodash "^4.14.0"

babel-core@^5.0.0:
  version "5.8.38"
  resolved "https://registry.yarnpkg.com/babel-core/-/babel-core-5.8.38.tgz#1fcaee79d7e61b750b00b8e54f6dfc9d0af86558"
  dependencies:
    babel-plugin-constant-folding "^1.0.1"
    babel-plugin-dead-code-elimination "^1.0.2"
    babel-plugin-eval "^1.0.1"
    babel-plugin-inline-environment-variables "^1.0.1"
    babel-plugin-jscript "^1.0.4"
    babel-plugin-member-expression-literals "^1.0.1"
    babel-plugin-property-literals "^1.0.1"
    babel-plugin-proto-to-assign "^1.0.3"
    babel-plugin-react-constant-elements "^1.0.3"
    babel-plugin-react-display-name "^1.0.3"
    babel-plugin-remove-console "^1.0.1"
    babel-plugin-remove-debugger "^1.0.1"
    babel-plugin-runtime "^1.0.7"
    babel-plugin-undeclared-variables-check "^1.0.2"
    babel-plugin-undefined-to-void "^1.1.6"
    babylon "^5.8.38"
    bluebird "^2.9.33"
    chalk "^1.0.0"
    convert-source-map "^1.1.0"
    core-js "^1.0.0"
    debug "^2.1.1"
    detect-indent "^3.0.0"
    esutils "^2.0.0"
    fs-readdir-recursive "^0.1.0"
    globals "^6.4.0"
    home-or-tmp "^1.0.0"
    is-integer "^1.0.4"
    js-tokens "1.0.1"
    json5 "^0.4.0"
    lodash "^3.10.0"
    minimatch "^2.0.3"
    output-file-sync "^1.1.0"
    path-exists "^1.0.0"
    path-is-absolute "^1.0.0"
    private "^0.1.6"
    regenerator "0.8.40"
    regexpu "^1.3.0"
    repeating "^1.1.2"
    resolve "^1.1.6"
    shebang-regex "^1.0.0"
    slash "^1.0.0"
    source-map "^0.5.0"
    source-map-support "^0.2.10"
    to-fast-properties "^1.0.0"
    trim-right "^1.0.0"
    try-resolve "^1.0.0"

babel-plugin-constant-folding@^1.0.1:
  version "1.0.1"
  resolved "https://registry.yarnpkg.com/babel-plugin-constant-folding/-/babel-plugin-constant-folding-1.0.1.tgz#8361d364c98e449c3692bdba51eff0844290aa8e"

babel-plugin-dead-code-elimination@^1.0.2:
  version "1.0.2"
  resolved "https://registry.yarnpkg.com/babel-plugin-dead-code-elimination/-/babel-plugin-dead-code-elimination-1.0.2.tgz#5f7c451274dcd7cccdbfbb3e0b85dd28121f0f65"

babel-plugin-eval@^1.0.1:
  version "1.0.1"
  resolved "https://registry.yarnpkg.com/babel-plugin-eval/-/babel-plugin-eval-1.0.1.tgz#a2faed25ce6be69ade4bfec263f70169195950da"

babel-plugin-example@^1.0.0:
  version "1.0.0"
  resolved "https://registry.yarnpkg.com/babel-plugin-example/-/babel-plugin-example-1.0.0.tgz#09fc0a4d4898d49c2d1088a745c01b268157a14d"
  dependencies:
    babel-core "^5.0.0"

babel-plugin-inline-environment-variables@^1.0.1:
  version "1.0.1"
  resolved "https://registry.yarnpkg.com/babel-plugin-inline-environment-variables/-/babel-plugin-inline-environment-variables-1.0.1.tgz#1f58ce91207ad6a826a8bf645fafe68ff5fe3ffe"

babel-plugin-jscript@^1.0.4:
  version "1.0.4"
  resolved "https://registry.yarnpkg.com/babel-plugin-jscript/-/babel-plugin-jscript-1.0.4.tgz#8f342c38276e87a47d5fa0a8bd3d5eb6ccad8fcc"

babel-plugin-member-expression-literals@^1.0.1:
  version "1.0.1"
  resolved "https://registry.yarnpkg.com/babel-plugin-member-expression-literals/-/babel-plugin-member-expression-literals-1.0.1.tgz#cc5edb0faa8dc927170e74d6d1c02440021624d3"

babel-plugin-property-literals@^1.0.1:
  version "1.0.1"
  resolved "https://registry.yarnpkg.com/babel-plugin-property-literals/-/babel-plugin-property-literals-1.0.1.tgz#0252301900192980b1c118efea48ce93aab83336"

babel-plugin-proto-to-assign@^1.0.3:
  version "1.0.4"
  resolved "https://registry.yarnpkg.com/babel-plugin-proto-to-assign/-/babel-plugin-proto-to-assign-1.0.4.tgz#c49e7afd02f577bc4da05ea2df002250cf7cd123"
  dependencies:
    lodash "^3.9.3"

babel-plugin-react-constant-elements@^1.0.3:
  version "1.0.3"
  resolved "https://registry.yarnpkg.com/babel-plugin-react-constant-elements/-/babel-plugin-react-constant-elements-1.0.3.tgz#946736e8378429cbc349dcff62f51c143b34e35a"

babel-plugin-react-display-name@^1.0.3:
  version "1.0.3"
  resolved "https://registry.yarnpkg.com/babel-plugin-react-display-name/-/babel-plugin-react-display-name-1.0.3.tgz#754fe38926e8424a4e7b15ab6ea6139dee0514fc"

babel-plugin-remove-console@^1.0.1:
  version "1.0.1"
  resolved "https://registry.yarnpkg.com/babel-plugin-remove-console/-/babel-plugin-remove-console-1.0.1.tgz#d8f24556c3a05005d42aaaafd27787f53ff013a7"

babel-plugin-remove-debugger@^1.0.1:
  version "1.0.1"
  resolved "https://registry.yarnpkg.com/babel-plugin-remove-debugger/-/babel-plugin-remove-debugger-1.0.1.tgz#fd2ea3cd61a428ad1f3b9c89882ff4293e8c14c7"

babel-plugin-runtime@^1.0.7:
  version "1.0.7"
  resolved "https://registry.yarnpkg.com/babel-plugin-runtime/-/babel-plugin-runtime-1.0.7.tgz#bf7c7d966dd56ecd5c17fa1cb253c9acb7e54aaf"

babel-plugin-unassert@^1.2.0:
  version "1.2.0"
  resolved "https://registry.yarnpkg.com/babel-plugin-unassert/-/babel-plugin-unassert-1.2.0.tgz#e18f959160b4d09fb5ae6c20bc1125d829eaa958"
  dependencies:
    deep-equal "^1.0.0"
    escallmatch "^1.4.2"
    espurify "^1.3.0"
    xtend "^4.0.0"

babel-plugin-undeclared-variables-check@^1.0.2:
  version "1.0.2"
  resolved "https://registry.yarnpkg.com/babel-plugin-undeclared-variables-check/-/babel-plugin-undeclared-variables-check-1.0.2.tgz#5cf1aa539d813ff64e99641290af620965f65dee"
  dependencies:
    leven "^1.0.2"

babel-plugin-undefined-to-void@^1.1.6:
  version "1.1.6"
  resolved "https://registry.yarnpkg.com/babel-plugin-undefined-to-void/-/babel-plugin-undefined-to-void-1.1.6.tgz#7f578ef8b78dfae6003385d8417a61eda06e2f81"

babylon@^5.8.38:
  version "5.8.38"
  resolved "https://registry.yarnpkg.com/babylon/-/babylon-5.8.38.tgz#ec9b120b11bf6ccd4173a18bf217e60b79859ffd"

balanced-match@^1.0.0:
  version "1.0.0"
  resolved "https://registry.yarnpkg.com/balanced-match/-/balanced-match-1.0.0.tgz#89b4d199ab2bee49de164ea02b89ce462d71b767"

"binaryextensions@1 || 2":
  version "2.0.0"
  resolved "https://registry.yarnpkg.com/binaryextensions/-/binaryextensions-2.0.0.tgz#e597d1a7a6a3558a2d1c7241a16c99965e6aa40f"

blank-object@^1.0.1:
  version "1.0.2"
  resolved "https://registry.yarnpkg.com/blank-object/-/blank-object-1.0.2.tgz#f990793fbe9a8c8dd013fb3219420bec81d5f4b9"

bluebird@^2.9.33:
  version "2.11.0"
  resolved "https://registry.yarnpkg.com/bluebird/-/bluebird-2.11.0.tgz#534b9033c022c9579c56ba3b3e5a5caafbb650e1"

brace-expansion@^1.0.0, brace-expansion@^1.1.7:
  version "1.1.8"
  resolved "https://registry.yarnpkg.com/brace-expansion/-/brace-expansion-1.1.8.tgz#c07b211c7c952ec1f8efd51a77ef0d1d3990a292"
  dependencies:
    balanced-match "^1.0.0"
    concat-map "0.0.1"

breakable@~1.0.0:
  version "1.0.0"
  resolved "https://registry.yarnpkg.com/breakable/-/breakable-1.0.0.tgz#784a797915a38ead27bad456b5572cb4bbaa78c1"

broccoli-funnel@^1.0.0:
  version "1.2.0"
  resolved "https://registry.yarnpkg.com/broccoli-funnel/-/broccoli-funnel-1.2.0.tgz#cddc3afc5ff1685a8023488fff74ce6fb5a51296"
  dependencies:
    array-equal "^1.0.0"
    blank-object "^1.0.1"
    broccoli-plugin "^1.3.0"
    debug "^2.2.0"
    exists-sync "0.0.4"
    fast-ordered-set "^1.0.0"
    fs-tree-diff "^0.5.3"
    heimdalljs "^0.2.0"
    minimatch "^3.0.0"
    mkdirp "^0.5.0"
    path-posix "^1.0.0"
    rimraf "^2.4.3"
    symlink-or-copy "^1.0.0"
    walk-sync "^0.3.1"

broccoli-kitchen-sink-helpers@^0.2.5:
  version "0.2.9"
  resolved "https://registry.yarnpkg.com/broccoli-kitchen-sink-helpers/-/broccoli-kitchen-sink-helpers-0.2.9.tgz#a5e0986ed8d76fb5984b68c3f0450d3a96e36ecc"
  dependencies:
    glob "^5.0.10"
    mkdirp "^0.5.1"

broccoli-kitchen-sink-helpers@^0.3.1:
  version "0.3.1"
  resolved "https://registry.yarnpkg.com/broccoli-kitchen-sink-helpers/-/broccoli-kitchen-sink-helpers-0.3.1.tgz#77c7c18194b9664163ec4fcee2793444926e0c06"
  dependencies:
    glob "^5.0.10"
    mkdirp "^0.5.1"

broccoli-merge-trees@^1.0.0:
  version "1.2.4"
  resolved "https://registry.yarnpkg.com/broccoli-merge-trees/-/broccoli-merge-trees-1.2.4.tgz#a001519bb5067f06589d91afa2942445a2d0fdb5"
  dependencies:
    broccoli-plugin "^1.3.0"
    can-symlink "^1.0.0"
    fast-ordered-set "^1.0.2"
    fs-tree-diff "^0.5.4"
    heimdalljs "^0.2.1"
    heimdalljs-logger "^0.1.7"
    rimraf "^2.4.3"
    symlink-or-copy "^1.0.0"

broccoli-persistent-filter@^1.4.2:
  version "1.4.3"
  resolved "https://registry.yarnpkg.com/broccoli-persistent-filter/-/broccoli-persistent-filter-1.4.3.tgz#3511bc52fc53740cda51621f58a28152d9911bc1"
  dependencies:
    async-disk-cache "^1.2.1"
    async-promise-queue "^1.0.3"
    broccoli-plugin "^1.0.0"
    fs-tree-diff "^0.5.2"
    hash-for-dep "^1.0.2"
    heimdalljs "^0.2.1"
    heimdalljs-logger "^0.1.7"
    mkdirp "^0.5.1"
    promise-map-series "^0.2.1"
    rimraf "^2.6.1"
    rsvp "^3.0.18"
    symlink-or-copy "^1.0.1"
    walk-sync "^0.3.1"

broccoli-plugin@^1.0.0, broccoli-plugin@^1.3.0:
  version "1.3.0"
  resolved "https://registry.yarnpkg.com/broccoli-plugin/-/broccoli-plugin-1.3.0.tgz#bee704a8e42da08cb58e513aaa436efb7f0ef1ee"
  dependencies:
    promise-map-series "^0.2.1"
    quick-temp "^0.1.3"
    rimraf "^2.3.4"
    symlink-or-copy "^1.1.8"

broccoli-slow-trees@^1.0.0:
  version "1.1.0"
  resolved "https://registry.yarnpkg.com/broccoli-slow-trees/-/broccoli-slow-trees-1.1.0.tgz#426c5724e008107e4573f73e8a9ca702916b78f7"

broccoli-test-helpers@0.0.8:
  version "0.0.8"
  resolved "https://registry.yarnpkg.com/broccoli-test-helpers/-/broccoli-test-helpers-0.0.8.tgz#6936ebd156331cd2dc4f234eed8a09d4758ba4b8"
  dependencies:
    broccoli "^0.16.2"
    rsvp "^3.0.17"
    walk-sync "^0.1.3"

broccoli@^0.16.2, broccoli@^0.16.3:
  version "0.16.9"
  resolved "https://registry.yarnpkg.com/broccoli/-/broccoli-0.16.9.tgz#b87ca679f09005c576901a9bc19f5df77efd55a4"
  dependencies:
    broccoli-kitchen-sink-helpers "^0.2.5"
    broccoli-slow-trees "^1.0.0"
    commander "^2.5.0"
    connect "^3.3.3"
    copy-dereference "^1.0.0"
    findup-sync "^0.2.1"
    handlebars "^4.0.4"
    mime "^1.2.11"
    promise-map-series "^0.2.1"
    quick-temp "^0.1.2"
    rimraf "^2.2.8"
    rsvp "^3.0.17"

call-matcher@^1.0.0:
  version "1.0.1"
  resolved "https://registry.yarnpkg.com/call-matcher/-/call-matcher-1.0.1.tgz#5134d077984f712a54dad3cbf62de28dce416ca8"
  dependencies:
    core-js "^2.0.0"
    deep-equal "^1.0.0"
    espurify "^1.6.0"
    estraverse "^4.0.0"

camelcase@^1.0.2, camelcase@^1.2.1:
  version "1.2.1"
  resolved "https://registry.yarnpkg.com/camelcase/-/camelcase-1.2.1.tgz#9bb5304d2e0b56698b2c758b08a3eaa9daa58a39"

can-symlink@^1.0.0:
  version "1.0.0"
  resolved "https://registry.yarnpkg.com/can-symlink/-/can-symlink-1.0.0.tgz#97b607d8a84bb6c6e228b902d864ecb594b9d219"
  dependencies:
    tmp "0.0.28"

center-align@^0.1.1:
  version "0.1.3"
  resolved "https://registry.yarnpkg.com/center-align/-/center-align-0.1.3.tgz#aa0d32629b6ee972200411cbd4461c907bc2b7ad"
  dependencies:
    align-text "^0.1.3"
    lazy-cache "^1.0.3"

chai@^3.5.0:
  version "3.5.0"
  resolved "https://registry.yarnpkg.com/chai/-/chai-3.5.0.tgz#4d02637b067fe958bdbfdd3a40ec56fef7373247"
  dependencies:
    assertion-error "^1.0.1"
    deep-eql "^0.1.3"
    type-detect "^1.0.0"

chalk@^1.0.0:
  version "1.1.3"
  resolved "https://registry.yarnpkg.com/chalk/-/chalk-1.1.3.tgz#a8115c55e4a702fe4d150abd3872822a7e09fc98"
  dependencies:
    ansi-styles "^2.2.1"
    escape-string-regexp "^1.0.2"
    has-ansi "^2.0.0"
    strip-ansi "^3.0.0"
    supports-color "^2.0.0"

cliui@^2.1.0:
  version "2.1.0"
  resolved "https://registry.yarnpkg.com/cliui/-/cliui-2.1.0.tgz#4b475760ff80264c762c3a1719032e91c7fea0d1"
  dependencies:
    center-align "^0.1.1"
    right-align "^0.1.1"
    wordwrap "0.0.2"

clone@^0.2.0:
  version "0.2.0"
  resolved "https://registry.yarnpkg.com/clone/-/clone-0.2.0.tgz#c6126a90ad4f72dbf5acdb243cc37724fe93fc1f"

commander@0.6.1:
  version "0.6.1"
  resolved "https://registry.yarnpkg.com/commander/-/commander-0.6.1.tgz#fa68a14f6a945d54dbbe50d8cdb3320e9e3b1a06"

commander@2.3.0:
  version "2.3.0"
  resolved "https://registry.yarnpkg.com/commander/-/commander-2.3.0.tgz#fd430e889832ec353b9acd1de217c11cb3eef873"

commander@^2.5.0:
  version "2.10.0"
  resolved "https://registry.yarnpkg.com/commander/-/commander-2.10.0.tgz#e1f5d3245de246d1a5ca04702fa1ad1bd7e405fe"
  dependencies:
    graceful-readlink ">= 1.0.0"

commoner@~0.10.3:
  version "0.10.8"
  resolved "https://registry.yarnpkg.com/commoner/-/commoner-0.10.8.tgz#34fc3672cd24393e8bb47e70caa0293811f4f2c5"
  dependencies:
    commander "^2.5.0"
    detective "^4.3.1"
    glob "^5.0.15"
    graceful-fs "^4.1.2"
    iconv-lite "^0.4.5"
    mkdirp "^0.5.0"
    private "^0.1.6"
    q "^1.1.2"
    recast "^0.11.17"

concat-map@0.0.1:
  version "0.0.1"
  resolved "https://registry.yarnpkg.com/concat-map/-/concat-map-0.0.1.tgz#d8a96bd77fd68df7793a73036a3ba0d5405d477b"

connect@^3.3.3:
  version "3.6.2"
  resolved "https://registry.yarnpkg.com/connect/-/connect-3.6.2.tgz#694e8d20681bfe490282c8ab886be98f09f42fe7"
  dependencies:
    debug "2.6.7"
    finalhandler "1.0.3"
    parseurl "~1.3.1"
    utils-merge "1.0.0"

convert-source-map@^1.1.0:
  version "1.5.0"
  resolved "https://registry.yarnpkg.com/convert-source-map/-/convert-source-map-1.5.0.tgz#9acd70851c6d5dfdd93d9282e5edf94a03ff46b5"

copy-dereference@^1.0.0:
  version "1.0.0"
  resolved "https://registry.yarnpkg.com/copy-dereference/-/copy-dereference-1.0.0.tgz#6b131865420fd81b413ba994b44d3655311152b6"

core-js@^1.0.0:
  version "1.2.7"
  resolved "https://registry.yarnpkg.com/core-js/-/core-js-1.2.7.tgz#652294c14651db28fa93bd2d5ff2983a4f08c636"

core-js@^2.0.0:
  version "2.5.3"
  resolved "https://registry.yarnpkg.com/core-js/-/core-js-2.5.3.tgz#8acc38345824f16d8365b7c9b4259168e8ed603e"

debug@2.2.0:
  version "2.2.0"
  resolved "https://registry.yarnpkg.com/debug/-/debug-2.2.0.tgz#f87057e995b1a1f6ae6a4960664137bc56f039da"
  dependencies:
    ms "0.7.1"

debug@2.6.7:
  version "2.6.7"
  resolved "https://registry.yarnpkg.com/debug/-/debug-2.6.7.tgz#92bad1f6d05bbb6bba22cca88bcd0ec894c2861e"
  dependencies:
    ms "2.0.0"

debug@^2.1.1, debug@^2.1.3, debug@^2.2.0:
  version "2.6.8"
  resolved "https://registry.yarnpkg.com/debug/-/debug-2.6.8.tgz#e731531ca2ede27d188222427da17821d68ff4fc"
  dependencies:
    ms "2.0.0"

debug@^2.6.8:
  version "2.6.9"
  resolved "https://registry.yarnpkg.com/debug/-/debug-2.6.9.tgz#5d128515df134ff327e90a4c93f4e077a536341f"
  dependencies:
    ms "2.0.0"

decamelize@^1.0.0:
  version "1.2.0"
  resolved "https://registry.yarnpkg.com/decamelize/-/decamelize-1.2.0.tgz#f6534d15148269b20352e7bee26f501f9a191290"

deep-eql@^0.1.3:
  version "0.1.3"
  resolved "https://registry.yarnpkg.com/deep-eql/-/deep-eql-0.1.3.tgz#ef558acab8de25206cd713906d74e56930eb69f2"
  dependencies:
    type-detect "0.1.1"

deep-equal@^1.0.0:
  version "1.0.1"
  resolved "https://registry.yarnpkg.com/deep-equal/-/deep-equal-1.0.1.tgz#f5d260292b660e084eff4cdbc9f08ad3247448b5"

defined@^1.0.0:
  version "1.0.0"
  resolved "https://registry.yarnpkg.com/defined/-/defined-1.0.0.tgz#c98d9bcef75674188e110969151199e39b1fa693"

defs@~1.1.0:
  version "1.1.1"
  resolved "https://registry.yarnpkg.com/defs/-/defs-1.1.1.tgz#b22609f2c7a11ba7a3db116805c139b1caffa9d2"
  dependencies:
    alter "~0.2.0"
    ast-traverse "~0.1.1"
    breakable "~1.0.0"
    esprima-fb "~15001.1001.0-dev-harmony-fb"
    simple-fmt "~0.1.0"
    simple-is "~0.2.0"
    stringmap "~0.2.2"
    stringset "~0.2.1"
    tryor "~0.1.2"
    yargs "~3.27.0"

detect-indent@^3.0.0:
  version "3.0.1"
  resolved "https://registry.yarnpkg.com/detect-indent/-/detect-indent-3.0.1.tgz#9dc5e5ddbceef8325764b9451b02bc6d54084f75"
  dependencies:
    get-stdin "^4.0.1"
    minimist "^1.1.0"
    repeating "^1.1.0"

detective@^4.3.1:
  version "4.5.0"
  resolved "https://registry.yarnpkg.com/detective/-/detective-4.5.0.tgz#6e5a8c6b26e6c7a254b1c6b6d7490d98ec91edd1"
  dependencies:
    acorn "^4.0.3"
    defined "^1.0.0"

diff@1.4.0:
  version "1.4.0"
  resolved "https://registry.yarnpkg.com/diff/-/diff-1.4.0.tgz#7f28d2eb9ee7b15a97efd89ce63dcfdaa3ccbabf"

editions@^1.1.1:
  version "1.3.3"
  resolved "https://registry.yarnpkg.com/editions/-/editions-1.3.3.tgz#0907101bdda20fac3cbe334c27cbd0688dc99a5b"

ee-first@1.1.1:
  version "1.1.1"
  resolved "https://registry.yarnpkg.com/ee-first/-/ee-first-1.1.1.tgz#590c61156b0ae2f4f0255732a158b266bc56b21d"

encodeurl@~1.0.1:
  version "1.0.1"
  resolved "https://registry.yarnpkg.com/encodeurl/-/encodeurl-1.0.1.tgz#79e3d58655346909fe6f0f45a5de68103b294d20"

ensure-posix-path@^1.0.0, ensure-posix-path@^1.0.1:
  version "1.0.2"
  resolved "https://registry.yarnpkg.com/ensure-posix-path/-/ensure-posix-path-1.0.2.tgz#a65b3e42d0b71cfc585eb774f9943c8d9b91b0c2"

escallmatch@^1.4.2:
  version "1.5.0"
  resolved "https://registry.yarnpkg.com/escallmatch/-/escallmatch-1.5.0.tgz#50099d86e8091b092df8ddfbc3f9a6fb05a024d0"
  dependencies:
    call-matcher "^1.0.0"
    esprima "^2.0.0"

escape-html@~1.0.3:
  version "1.0.3"
  resolved "https://registry.yarnpkg.com/escape-html/-/escape-html-1.0.3.tgz#0258eae4d3d0c0974de1c169188ef0051d1d1988"

escape-string-regexp@1.0.2, escape-string-regexp@^1.0.2:
  version "1.0.2"
  resolved "https://registry.yarnpkg.com/escape-string-regexp/-/escape-string-regexp-1.0.2.tgz#4dbc2fe674e71949caf3fb2695ce7f2dc1d9a8d1"

esprima-fb@~15001.1001.0-dev-harmony-fb:
  version "15001.1001.0-dev-harmony-fb"
  resolved "https://registry.yarnpkg.com/esprima-fb/-/esprima-fb-15001.1001.0-dev-harmony-fb.tgz#43beb57ec26e8cf237d3dd8b33e42533577f2659"

esprima@^2.0.0, esprima@^2.6.0:
  version "2.7.3"
  resolved "https://registry.yarnpkg.com/esprima/-/esprima-2.7.3.tgz#96e3b70d5779f6ad49cd032673d1c312767ba581"

esprima@~3.1.0:
  version "3.1.3"
  resolved "https://registry.yarnpkg.com/esprima/-/esprima-3.1.3.tgz#fdca51cee6133895e3c88d535ce49dbff62a4633"

espurify@^1.3.0, espurify@^1.6.0:
  version "1.7.0"
  resolved "https://registry.yarnpkg.com/espurify/-/espurify-1.7.0.tgz#1c5cf6cbccc32e6f639380bd4f991fab9ba9d226"
  dependencies:
    core-js "^2.0.0"

estraverse@^4.0.0:
  version "4.2.0"
  resolved "https://registry.yarnpkg.com/estraverse/-/estraverse-4.2.0.tgz#0dee3fed31fcd469618ce7342099fc1afa0bdb13"

esutils@^2.0.0:
  version "2.0.2"
  resolved "https://registry.yarnpkg.com/esutils/-/esutils-2.0.2.tgz#0abf4f1caa5bcb1f7a9d8acc6dea4faaa04bac9b"

exists-sync@0.0.4:
  version "0.0.4"
  resolved "https://registry.yarnpkg.com/exists-sync/-/exists-sync-0.0.4.tgz#9744c2c428cc03b01060db454d4b12f0ef3c8879"

fast-ordered-set@^1.0.0, fast-ordered-set@^1.0.2:
  version "1.0.3"
  resolved "https://registry.yarnpkg.com/fast-ordered-set/-/fast-ordered-set-1.0.3.tgz#3fbb36634f7be79e4f7edbdb4a357dee25d184eb"
  dependencies:
    blank-object "^1.0.1"

finalhandler@1.0.3:
  version "1.0.3"
  resolved "https://registry.yarnpkg.com/finalhandler/-/finalhandler-1.0.3.tgz#ef47e77950e999780e86022a560e3217e0d0cc89"
  dependencies:
    debug "2.6.7"
    encodeurl "~1.0.1"
    escape-html "~1.0.3"
    on-finished "~2.3.0"
    parseurl "~1.3.1"
    statuses "~1.3.1"
    unpipe "~1.0.0"

findup-sync@^0.2.1:
  version "0.2.1"
  resolved "https://registry.yarnpkg.com/findup-sync/-/findup-sync-0.2.1.tgz#e0a90a450075c49466ee513732057514b81e878c"
  dependencies:
    glob "~4.3.0"

fs-readdir-recursive@^0.1.0:
  version "0.1.2"
  resolved "https://registry.yarnpkg.com/fs-readdir-recursive/-/fs-readdir-recursive-0.1.2.tgz#315b4fb8c1ca5b8c47defef319d073dad3568059"

fs-tree-diff@^0.5.2, fs-tree-diff@^0.5.3, fs-tree-diff@^0.5.4:
  version "0.5.6"
  resolved "https://registry.yarnpkg.com/fs-tree-diff/-/fs-tree-diff-0.5.6.tgz#342665749e8dca406800b672268c8f5073f3e623"
  dependencies:
    heimdalljs-logger "^0.1.7"
    object-assign "^4.1.0"
    path-posix "^1.0.0"
    symlink-or-copy "^1.1.8"

fs.realpath@^1.0.0:
  version "1.0.0"
  resolved "https://registry.yarnpkg.com/fs.realpath/-/fs.realpath-1.0.0.tgz#1504ad2523158caa40db4a2787cb01411994ea4f"

get-stdin@^4.0.1:
  version "4.0.1"
  resolved "https://registry.yarnpkg.com/get-stdin/-/get-stdin-4.0.1.tgz#b968c6b0a04384324902e8bf1a5df32579a450fe"

glob@3.2.11:
  version "3.2.11"
  resolved "https://registry.yarnpkg.com/glob/-/glob-3.2.11.tgz#4a973f635b9190f715d10987d5c00fd2815ebe3d"
  dependencies:
    inherits "2"
    minimatch "0.3"

glob@^5.0.10, glob@^5.0.15:
  version "5.0.15"
  resolved "https://registry.yarnpkg.com/glob/-/glob-5.0.15.tgz#1bc936b9e02f4a603fcc222ecf7633d30b8b93b1"
  dependencies:
    inflight "^1.0.4"
    inherits "2"
    minimatch "2 || 3"
    once "^1.3.0"
    path-is-absolute "^1.0.0"

glob@^7.0.5:
  version "7.1.2"
  resolved "https://registry.yarnpkg.com/glob/-/glob-7.1.2.tgz#c19c9df9a028702d678612384a6552404c636d15"
  dependencies:
    fs.realpath "^1.0.0"
    inflight "^1.0.4"
    inherits "2"
    minimatch "^3.0.4"
    once "^1.3.0"
    path-is-absolute "^1.0.0"

glob@~4.3.0:
  version "4.3.5"
  resolved "https://registry.yarnpkg.com/glob/-/glob-4.3.5.tgz#80fbb08ca540f238acce5d11d1e9bc41e75173d3"
  dependencies:
    inflight "^1.0.4"
    inherits "2"
    minimatch "^2.0.1"
    once "^1.3.0"

globals@^6.4.0:
  version "6.4.1"
  resolved "https://registry.yarnpkg.com/globals/-/globals-6.4.1.tgz#8498032b3b6d1cc81eebc5f79690d8fe29fabf4f"

graceful-fs@^4.1.2, graceful-fs@^4.1.4:
  version "4.1.11"
  resolved "https://registry.yarnpkg.com/graceful-fs/-/graceful-fs-4.1.11.tgz#0e8bdfe4d1ddb8854d64e04ea7c00e2a026e5658"

"graceful-readlink@>= 1.0.0":
  version "1.0.1"
  resolved "https://registry.yarnpkg.com/graceful-readlink/-/graceful-readlink-1.0.1.tgz#4cafad76bc62f02fa039b2f94e9a3dd3a391a725"

growl@1.9.2:
  version "1.9.2"
  resolved "https://registry.yarnpkg.com/growl/-/growl-1.9.2.tgz#0ea7743715db8d8de2c5ede1775e1b45ac85c02f"

handlebars@^4.0.4:
  version "4.0.10"
  resolved "https://registry.yarnpkg.com/handlebars/-/handlebars-4.0.10.tgz#3d30c718b09a3d96f23ea4cc1f403c4d3ba9ff4f"
  dependencies:
    async "^1.4.0"
    optimist "^0.6.1"
    source-map "^0.4.4"
  optionalDependencies:
    uglify-js "^2.6"

has-ansi@^2.0.0:
  version "2.0.0"
  resolved "https://registry.yarnpkg.com/has-ansi/-/has-ansi-2.0.0.tgz#34f5049ce1ecdf2b0649af3ef24e45ed35416d91"
  dependencies:
    ansi-regex "^2.0.0"

hash-for-dep@^1.0.2:
  version "1.1.2"
  resolved "https://registry.yarnpkg.com/hash-for-dep/-/hash-for-dep-1.1.2.tgz#e3347ed92960eb0bb53a2c6c2b70e36d75b7cd0c"
  dependencies:
    broccoli-kitchen-sink-helpers "^0.3.1"
    heimdalljs "^0.2.3"
    heimdalljs-logger "^0.1.7"
    resolve "^1.1.6"

heimdalljs-logger@^0.1.7:
  version "0.1.9"
  resolved "https://registry.yarnpkg.com/heimdalljs-logger/-/heimdalljs-logger-0.1.9.tgz#d76ada4e45b7bb6f786fc9c010a68eb2e2faf176"
  dependencies:
    debug "^2.2.0"
    heimdalljs "^0.2.0"

heimdalljs@^0.2.0, heimdalljs@^0.2.1, heimdalljs@^0.2.3:
  version "0.2.5"
  resolved "https://registry.yarnpkg.com/heimdalljs/-/heimdalljs-0.2.5.tgz#6aa54308eee793b642cff9cf94781445f37730ac"
  dependencies:
    rsvp "~3.2.1"

home-or-tmp@^1.0.0:
  version "1.0.0"
  resolved "https://registry.yarnpkg.com/home-or-tmp/-/home-or-tmp-1.0.0.tgz#4b9f1e40800c3e50c6c27f781676afcce71f3985"
  dependencies:
    os-tmpdir "^1.0.1"
    user-home "^1.1.1"

iconv-lite@^0.4.5:
  version "0.4.18"
  resolved "https://registry.yarnpkg.com/iconv-lite/-/iconv-lite-0.4.18.tgz#23d8656b16aae6742ac29732ea8f0336a4789cf2"

inflight@^1.0.4:
  version "1.0.6"
  resolved "https://registry.yarnpkg.com/inflight/-/inflight-1.0.6.tgz#49bd6331d7d02d0c09bc910a1075ba8165b56df9"
  dependencies:
    once "^1.3.0"
    wrappy "1"

inherits@2:
  version "2.0.3"
  resolved "https://registry.yarnpkg.com/inherits/-/inherits-2.0.3.tgz#633c2c83e3da42a502f52466022480f4208261de"

invert-kv@^1.0.0:
  version "1.0.0"
  resolved "https://registry.yarnpkg.com/invert-kv/-/invert-kv-1.0.0.tgz#104a8e4aaca6d3d8cd157a8ef8bfab2d7a3ffdb6"

is-buffer@^1.1.5:
  version "1.1.5"
  resolved "https://registry.yarnpkg.com/is-buffer/-/is-buffer-1.1.5.tgz#1f3b26ef613b214b88cbca23cc6c01d87961eecc"

is-finite@^1.0.0:
  version "1.0.2"
  resolved "https://registry.yarnpkg.com/is-finite/-/is-finite-1.0.2.tgz#cc6677695602be550ef11e8b4aa6305342b6d0aa"
  dependencies:
    number-is-nan "^1.0.0"

is-integer@^1.0.4:
  version "1.0.7"
  resolved "https://registry.yarnpkg.com/is-integer/-/is-integer-1.0.7.tgz#6bde81aacddf78b659b6629d629cadc51a886d5c"
  dependencies:
    is-finite "^1.0.0"

istextorbinary@2.1.0:
  version "2.1.0"
  resolved "https://registry.yarnpkg.com/istextorbinary/-/istextorbinary-2.1.0.tgz#dbed2a6f51be2f7475b68f89465811141b758874"
  dependencies:
    binaryextensions "1 || 2"
    editions "^1.1.1"
    textextensions "1 || 2"

jade@0.26.3:
  version "0.26.3"
  resolved "https://registry.yarnpkg.com/jade/-/jade-0.26.3.tgz#8f10d7977d8d79f2f6ff862a81b0513ccb25686c"
  dependencies:
    commander "0.6.1"
    mkdirp "0.3.0"

js-tokens@1.0.1:
  version "1.0.1"
  resolved "https://registry.yarnpkg.com/js-tokens/-/js-tokens-1.0.1.tgz#cc435a5c8b94ad15acb7983140fc80182c89aeae"

jsesc@~0.5.0:
  version "0.5.0"
  resolved "https://registry.yarnpkg.com/jsesc/-/jsesc-0.5.0.tgz#e7dee66e35d6fc16f710fe91d5cf69f70f08911d"

json-stable-stringify@^1.0.0:
  version "1.0.1"
  resolved "https://registry.yarnpkg.com/json-stable-stringify/-/json-stable-stringify-1.0.1.tgz#9a759d39c5f2ff503fd5300646ed445f88c4f9af"
  dependencies:
    jsonify "~0.0.0"

json5@^0.4.0:
  version "0.4.0"
  resolved "https://registry.yarnpkg.com/json5/-/json5-0.4.0.tgz#054352e4c4c80c86c0923877d449de176a732c8d"

jsonify@~0.0.0:
  version "0.0.0"
  resolved "https://registry.yarnpkg.com/jsonify/-/jsonify-0.0.0.tgz#2c74b6ee41d93ca51b7b5aaee8f503631d252a73"

kind-of@^3.0.2:
  version "3.2.2"
  resolved "https://registry.yarnpkg.com/kind-of/-/kind-of-3.2.2.tgz#31ea21a734bab9bbb0f32466d893aea51e4a3c64"
  dependencies:
    is-buffer "^1.1.5"

lazy-cache@^1.0.3:
  version "1.0.4"
  resolved "https://registry.yarnpkg.com/lazy-cache/-/lazy-cache-1.0.4.tgz#a1d78fc3a50474cb80845d3b3b6e1da49a446e8e"

lcid@^1.0.0:
  version "1.0.0"
  resolved "https://registry.yarnpkg.com/lcid/-/lcid-1.0.0.tgz#308accafa0bc483a3867b4b6f2b9506251d1b835"
  dependencies:
    invert-kv "^1.0.0"

leven@^1.0.2:
  version "1.0.2"
  resolved "https://registry.yarnpkg.com/leven/-/leven-1.0.2.tgz#9144b6eebca5f1d0680169f1a6770dcea60b75c3"

lodash@^3.10.0, lodash@^3.9.3:
  version "3.10.1"
  resolved "https://registry.yarnpkg.com/lodash/-/lodash-3.10.1.tgz#5bf45e8e49ba4189e17d482789dfd15bd140b7b6"

lodash@^4.14.0:
  version "4.17.4"
  resolved "https://registry.yarnpkg.com/lodash/-/lodash-4.17.4.tgz#78203a4d1c328ae1d86dca6460e369b57f4055ae"

longest@^1.0.1:
  version "1.0.1"
  resolved "https://registry.yarnpkg.com/longest/-/longest-1.0.1.tgz#30a0b2da38f73770e8294a0d22e6625ed77d0097"

lru-cache@2:
  version "2.7.3"
  resolved "https://registry.yarnpkg.com/lru-cache/-/lru-cache-2.7.3.tgz#6d4524e8b955f95d4f5b58851ce21dd72fb4e952"

matcher-collection@^1.0.0:
  version "1.0.4"
  resolved "https://registry.yarnpkg.com/matcher-collection/-/matcher-collection-1.0.4.tgz#2f66ae0869996f29e43d0b62c83dd1d43e581755"
  dependencies:
    minimatch "^3.0.2"

mime@^1.2.11:
  version "1.3.6"
  resolved "https://registry.yarnpkg.com/mime/-/mime-1.3.6.tgz#591d84d3653a6b0b4a3b9df8de5aa8108e72e5e0"

minimatch@0.3:
  version "0.3.0"
  resolved "https://registry.yarnpkg.com/minimatch/-/minimatch-0.3.0.tgz#275d8edaac4f1bb3326472089e7949c8394699dd"
  dependencies:
    lru-cache "2"
    sigmund "~1.0.0"

"minimatch@2 || 3", minimatch@^3.0.0, minimatch@^3.0.2, minimatch@^3.0.4:
  version "3.0.4"
  resolved "https://registry.yarnpkg.com/minimatch/-/minimatch-3.0.4.tgz#5166e286457f03306064be5497e8dbb0c3d32083"
  dependencies:
    brace-expansion "^1.1.7"

minimatch@^2.0.1, minimatch@^2.0.3:
  version "2.0.10"
  resolved "https://registry.yarnpkg.com/minimatch/-/minimatch-2.0.10.tgz#8d087c39c6b38c001b97fca7ce6d0e1e80afbac7"
  dependencies:
    brace-expansion "^1.0.0"

minimist@0.0.8, minimist@~0.0.1:
  version "0.0.8"
  resolved "https://registry.yarnpkg.com/minimist/-/minimist-0.0.8.tgz#857fcabfc3397d2625b8228262e86aa7a011b05d"

minimist@^1.1.0:
  version "1.2.0"
  resolved "https://registry.yarnpkg.com/minimist/-/minimist-1.2.0.tgz#a35008b20f41383eec1fb914f4cd5df79a264284"

mkdirp@0.3.0:
  version "0.3.0"
  resolved "https://registry.yarnpkg.com/mkdirp/-/mkdirp-0.3.0.tgz#1bbf5ab1ba827af23575143490426455f481fe1e"

mkdirp@0.5.1, mkdirp@^0.5.0, mkdirp@^0.5.1:
  version "0.5.1"
  resolved "https://registry.yarnpkg.com/mkdirp/-/mkdirp-0.5.1.tgz#30057438eac6cf7f8c4767f38648d6697d75c903"
  dependencies:
    minimist "0.0.8"

mktemp@~0.4.0:
  version "0.4.0"
  resolved "https://registry.yarnpkg.com/mktemp/-/mktemp-0.4.0.tgz#6d0515611c8a8c84e484aa2000129b98e981ff0b"

mocha@^2.4.5:
  version "2.5.3"
  resolved "https://registry.yarnpkg.com/mocha/-/mocha-2.5.3.tgz#161be5bdeb496771eb9b35745050b622b5aefc58"
  dependencies:
    commander "2.3.0"
    debug "2.2.0"
    diff "1.4.0"
    escape-string-regexp "1.0.2"
    glob "3.2.11"
    growl "1.9.2"
    jade "0.26.3"
    mkdirp "0.5.1"
    supports-color "1.2.0"
    to-iso-string "0.0.2"

ms@0.7.1:
  version "0.7.1"
  resolved "https://registry.yarnpkg.com/ms/-/ms-0.7.1.tgz#9cd13c03adbff25b65effde7ce864ee952017098"

ms@2.0.0:
  version "2.0.0"
  resolved "https://registry.yarnpkg.com/ms/-/ms-2.0.0.tgz#5608aeadfc00be6c2901df5f9861788de0d597c8"

number-is-nan@^1.0.0:
  version "1.0.1"
  resolved "https://registry.yarnpkg.com/number-is-nan/-/number-is-nan-1.0.1.tgz#097b602b53422a522c1afb8790318336941a011d"

object-assign@4.1.1, object-assign@^4.1.0:
  version "4.1.1"
  resolved "https://registry.yarnpkg.com/object-assign/-/object-assign-4.1.1.tgz#2109adc7965887cfc05cbbd442cac8bfbb360863"

on-finished@~2.3.0:
  version "2.3.0"
  resolved "https://registry.yarnpkg.com/on-finished/-/on-finished-2.3.0.tgz#20f1336481b083cd75337992a16971aa2d906947"
  dependencies:
    ee-first "1.1.1"

once@^1.3.0:
  version "1.4.0"
  resolved "https://registry.yarnpkg.com/once/-/once-1.4.0.tgz#583b1aa775961d4b113ac17d9c50baef9dd76bd1"
  dependencies:
    wrappy "1"

optimist@^0.6.1:
  version "0.6.1"
  resolved "https://registry.yarnpkg.com/optimist/-/optimist-0.6.1.tgz#da3ea74686fa21a19a111c326e90eb15a0196686"
  dependencies:
    minimist "~0.0.1"
    wordwrap "~0.0.2"

os-locale@^1.4.0:
  version "1.4.0"
  resolved "https://registry.yarnpkg.com/os-locale/-/os-locale-1.4.0.tgz#20f9f17ae29ed345e8bde583b13d2009803c14d9"
  dependencies:
    lcid "^1.0.0"

os-tmpdir@^1.0.1, os-tmpdir@~1.0.1:
  version "1.0.2"
  resolved "https://registry.yarnpkg.com/os-tmpdir/-/os-tmpdir-1.0.2.tgz#bbe67406c79aa85c5cfec766fe5734555dfa1274"

output-file-sync@^1.1.0:
  version "1.1.2"
  resolved "https://registry.yarnpkg.com/output-file-sync/-/output-file-sync-1.1.2.tgz#d0a33eefe61a205facb90092e826598d5245ce76"
  dependencies:
    graceful-fs "^4.1.4"
    mkdirp "^0.5.1"
    object-assign "^4.1.0"

parseurl@~1.3.1:
  version "1.3.1"
  resolved "https://registry.yarnpkg.com/parseurl/-/parseurl-1.3.1.tgz#c8ab8c9223ba34888aa64a297b28853bec18da56"

path-exists@^1.0.0:
  version "1.0.0"
  resolved "https://registry.yarnpkg.com/path-exists/-/path-exists-1.0.0.tgz#d5a8998eb71ef37a74c34eb0d9eba6e878eea081"

path-is-absolute@^1.0.0:
  version "1.0.1"
  resolved "https://registry.yarnpkg.com/path-is-absolute/-/path-is-absolute-1.0.1.tgz#174b9268735534ffbc7ace6bf53a5a9e1b5c5f5f"

path-parse@^1.0.5:
  version "1.0.5"
  resolved "https://registry.yarnpkg.com/path-parse/-/path-parse-1.0.5.tgz#3c1adf871ea9cd6c9431b6ea2bd74a0ff055c4c1"

path-posix@^1.0.0:
  version "1.0.0"
  resolved "https://registry.yarnpkg.com/path-posix/-/path-posix-1.0.0.tgz#06b26113f56beab042545a23bfa88003ccac260f"

private@^0.1.6, private@~0.1.5:
  version "0.1.7"
  resolved "https://registry.yarnpkg.com/private/-/private-0.1.7.tgz#68ce5e8a1ef0a23bb570cc28537b5332aba63ef1"

promise-map-series@^0.2.1:
  version "0.2.3"
  resolved "https://registry.yarnpkg.com/promise-map-series/-/promise-map-series-0.2.3.tgz#c2d377afc93253f6bd03dbb77755eb88ab20a847"
  dependencies:
    rsvp "^3.0.14"

q@^1.1.2:
  version "1.5.0"
  resolved "https://registry.yarnpkg.com/q/-/q-1.5.0.tgz#dd01bac9d06d30e6f219aecb8253ee9ebdc308f1"

quick-temp@^0.1.2, quick-temp@^0.1.3:
  version "0.1.8"
  resolved "https://registry.yarnpkg.com/quick-temp/-/quick-temp-0.1.8.tgz#bab02a242ab8fb0dd758a3c9776b32f9a5d94408"
  dependencies:
    mktemp "~0.4.0"
    rimraf "^2.5.4"
    underscore.string "~3.3.4"

recast@0.10.33:
  version "0.10.33"
  resolved "https://registry.yarnpkg.com/recast/-/recast-0.10.33.tgz#942808f7aa016f1fa7142c461d7e5704aaa8d697"
  dependencies:
    ast-types "0.8.12"
    esprima-fb "~15001.1001.0-dev-harmony-fb"
    private "~0.1.5"
    source-map "~0.5.0"

recast@^0.10.10:
  version "0.10.43"
  resolved "https://registry.yarnpkg.com/recast/-/recast-0.10.43.tgz#b95d50f6d60761a5f6252e15d80678168491ce7f"
  dependencies:
    ast-types "0.8.15"
    esprima-fb "~15001.1001.0-dev-harmony-fb"
    private "~0.1.5"
    source-map "~0.5.0"

recast@^0.11.17:
  version "0.11.23"
  resolved "https://registry.yarnpkg.com/recast/-/recast-0.11.23.tgz#451fd3004ab1e4df9b4e4b66376b2a21912462d3"
  dependencies:
    ast-types "0.9.6"
    esprima "~3.1.0"
    private "~0.1.5"
    source-map "~0.5.0"

regenerate@^1.2.1:
  version "1.3.2"
  resolved "https://registry.yarnpkg.com/regenerate/-/regenerate-1.3.2.tgz#d1941c67bad437e1be76433add5b385f95b19260"

regenerator@0.8.40:
  version "0.8.40"
  resolved "https://registry.yarnpkg.com/regenerator/-/regenerator-0.8.40.tgz#a0e457c58ebdbae575c9f8cd75127e93756435d8"
  dependencies:
    commoner "~0.10.3"
    defs "~1.1.0"
    esprima-fb "~15001.1001.0-dev-harmony-fb"
    private "~0.1.5"
    recast "0.10.33"
    through "~2.3.8"

regexpu@^1.3.0:
  version "1.3.0"
  resolved "https://registry.yarnpkg.com/regexpu/-/regexpu-1.3.0.tgz#e534dc991a9e5846050c98de6d7dd4a55c9ea16d"
  dependencies:
    esprima "^2.6.0"
    recast "^0.10.10"
    regenerate "^1.2.1"
    regjsgen "^0.2.0"
    regjsparser "^0.1.4"

regjsgen@^0.2.0:
  version "0.2.0"
  resolved "https://registry.yarnpkg.com/regjsgen/-/regjsgen-0.2.0.tgz#6c016adeac554f75823fe37ac05b92d5a4edb1f7"

regjsparser@^0.1.4:
  version "0.1.5"
  resolved "https://registry.yarnpkg.com/regjsparser/-/regjsparser-0.1.5.tgz#7ee8f84dc6fa792d3fd0ae228d24bd949ead205c"
  dependencies:
    jsesc "~0.5.0"

repeat-string@^1.5.2:
  version "1.6.1"
  resolved "https://registry.yarnpkg.com/repeat-string/-/repeat-string-1.6.1.tgz#8dcae470e1c88abc2d600fff4a776286da75e637"

repeating@^1.1.0, repeating@^1.1.2:
  version "1.1.3"
  resolved "https://registry.yarnpkg.com/repeating/-/repeating-1.1.3.tgz#3d4114218877537494f97f77f9785fab810fa4ac"
  dependencies:
    is-finite "^1.0.0"

resolve@^1.1.6:
  version "1.3.3"
  resolved "https://registry.yarnpkg.com/resolve/-/resolve-1.3.3.tgz#655907c3469a8680dc2de3a275a8fdd69691f0e5"
  dependencies:
    path-parse "^1.0.5"

right-align@^0.1.1:
  version "0.1.3"
  resolved "https://registry.yarnpkg.com/right-align/-/right-align-0.1.3.tgz#61339b722fe6a3515689210d24e14c96148613ef"
  dependencies:
    align-text "^0.1.1"

rimraf@^2.2.8, rimraf@^2.3.4, rimraf@^2.4.2, rimraf@^2.4.3, rimraf@^2.5.3, rimraf@^2.5.4, rimraf@^2.6.1:
  version "2.6.1"
  resolved "https://registry.yarnpkg.com/rimraf/-/rimraf-2.6.1.tgz#c2338ec643df7a1b7fe5c54fa86f57428a55f33d"
  dependencies:
    glob "^7.0.5"

rsvp@^3.0.14, rsvp@^3.0.17, rsvp@^3.0.18:
  version "3.5.0"
  resolved "https://registry.yarnpkg.com/rsvp/-/rsvp-3.5.0.tgz#a62c573a4ae4e1dfd0697ebc6242e79c681eaa34"

rsvp@^3.5.0:
  version "3.6.2"
  resolved "https://registry.yarnpkg.com/rsvp/-/rsvp-3.6.2.tgz#2e96491599a96cde1b515d5674a8f7a91452926a"

rsvp@~3.2.1:
  version "3.2.1"
  resolved "https://registry.yarnpkg.com/rsvp/-/rsvp-3.2.1.tgz#07cb4a5df25add9e826ebc67dcc9fd89db27d84a"

shebang-regex@^1.0.0:
  version "1.0.0"
  resolved "https://registry.yarnpkg.com/shebang-regex/-/shebang-regex-1.0.0.tgz#da42f49740c0b42db2ca9728571cb190c98efea3"

sigmund@~1.0.0:
  version "1.0.1"
  resolved "https://registry.yarnpkg.com/sigmund/-/sigmund-1.0.1.tgz#3ff21f198cad2175f9f3b781853fd94d0d19b590"

simple-fmt@~0.1.0:
  version "0.1.0"
  resolved "https://registry.yarnpkg.com/simple-fmt/-/simple-fmt-0.1.0.tgz#191bf566a59e6530482cb25ab53b4a8dc85c3a6b"

simple-is@~0.2.0:
  version "0.2.0"
  resolved "https://registry.yarnpkg.com/simple-is/-/simple-is-0.2.0.tgz#2abb75aade39deb5cc815ce10e6191164850baf0"

slash@^1.0.0:
  version "1.0.0"
  resolved "https://registry.yarnpkg.com/slash/-/slash-1.0.0.tgz#c41f2f6c39fc16d1cd17ad4b5d896114ae470d55"

source-map-support@^0.2.10:
  version "0.2.10"
  resolved "https://registry.yarnpkg.com/source-map-support/-/source-map-support-0.2.10.tgz#ea5a3900a1c1cb25096a0ae8cc5c2b4b10ded3dc"
  dependencies:
    source-map "0.1.32"

source-map@0.1.32:
  version "0.1.32"
  resolved "https://registry.yarnpkg.com/source-map/-/source-map-0.1.32.tgz#c8b6c167797ba4740a8ea33252162ff08591b266"
  dependencies:
    amdefine ">=0.0.4"

source-map@^0.4.4:
  version "0.4.4"
  resolved "https://registry.yarnpkg.com/source-map/-/source-map-0.4.4.tgz#eba4f5da9c0dc999de68032d8b4f76173652036b"
  dependencies:
    amdefine ">=0.0.4"

source-map@^0.5.0, source-map@~0.5.0, source-map@~0.5.1:
  version "0.5.6"
  resolved "https://registry.yarnpkg.com/source-map/-/source-map-0.5.6.tgz#75ce38f52bf0733c5a7f0c118d81334a2bb5f412"

sprintf-js@^1.0.3:
  version "1.1.1"
  resolved "https://registry.yarnpkg.com/sprintf-js/-/sprintf-js-1.1.1.tgz#36be78320afe5801f6cea3ee78b6e5aab940ea0c"

stable@~0.1.3:
  version "0.1.6"
  resolved "https://registry.yarnpkg.com/stable/-/stable-0.1.6.tgz#910f5d2aed7b520c6e777499c1f32e139fdecb10"

statuses@~1.3.1:
  version "1.3.1"
  resolved "https://registry.yarnpkg.com/statuses/-/statuses-1.3.1.tgz#faf51b9eb74aaef3b3acf4ad5f61abf24cb7b93e"

stringmap@~0.2.2:
  version "0.2.2"
  resolved "https://registry.yarnpkg.com/stringmap/-/stringmap-0.2.2.tgz#556c137b258f942b8776f5b2ef582aa069d7d1b1"

stringset@~0.2.1:
  version "0.2.1"
  resolved "https://registry.yarnpkg.com/stringset/-/stringset-0.2.1.tgz#ef259c4e349344377fcd1c913dd2e848c9c042b5"

strip-ansi@^3.0.0:
  version "3.0.1"
  resolved "https://registry.yarnpkg.com/strip-ansi/-/strip-ansi-3.0.1.tgz#6a385fb8853d952d5ff05d0e8aaf94278dc63dcf"
  dependencies:
    ansi-regex "^2.0.0"

supports-color@1.2.0:
  version "1.2.0"
  resolved "https://registry.yarnpkg.com/supports-color/-/supports-color-1.2.0.tgz#ff1ed1e61169d06b3cf2d588e188b18d8847e17e"

supports-color@^2.0.0:
  version "2.0.0"
  resolved "https://registry.yarnpkg.com/supports-color/-/supports-color-2.0.0.tgz#535d045ce6b6363fa40117084629995e9df324c7"

symlink-or-copy@^1.0.0, symlink-or-copy@^1.0.1, symlink-or-copy@^1.1.8:
  version "1.1.8"
  resolved "https://registry.yarnpkg.com/symlink-or-copy/-/symlink-or-copy-1.1.8.tgz#cabe61e0010c1c023c173b25ee5108b37f4b4aa3"

"textextensions@1 || 2":
  version "2.1.0"
  resolved "https://registry.yarnpkg.com/textextensions/-/textextensions-2.1.0.tgz#1be0dc2a0dc244d44be8a09af6a85afb93c4dbc3"

through@~2.3.8:
  version "2.3.8"
  resolved "https://registry.yarnpkg.com/through/-/through-2.3.8.tgz#0dd4c9ffaabc357960b1b724115d7e0e86a2e1f5"

tmp@0.0.28:
  version "0.0.28"
  resolved "https://registry.yarnpkg.com/tmp/-/tmp-0.0.28.tgz#172735b7f614ea7af39664fa84cf0de4e515d120"
  dependencies:
    os-tmpdir "~1.0.1"

to-fast-properties@^1.0.0:
  version "1.0.3"
  resolved "https://registry.yarnpkg.com/to-fast-properties/-/to-fast-properties-1.0.3.tgz#b83571fa4d8c25b82e231b06e3a3055de4ca1a47"

to-iso-string@0.0.2:
  version "0.0.2"
  resolved "https://registry.yarnpkg.com/to-iso-string/-/to-iso-string-0.0.2.tgz#4dc19e664dfccbe25bd8db508b00c6da158255d1"

trim-right@^1.0.0:
  version "1.0.1"
  resolved "https://registry.yarnpkg.com/trim-right/-/trim-right-1.0.1.tgz#cb2e1203067e0c8de1f614094b9fe45704ea6003"

try-resolve@^1.0.0:
  version "1.0.1"
  resolved "https://registry.yarnpkg.com/try-resolve/-/try-resolve-1.0.1.tgz#cfde6fabd72d63e5797cfaab873abbe8e700e912"

tryor@~0.1.2:
  version "0.1.2"
  resolved "https://registry.yarnpkg.com/tryor/-/tryor-0.1.2.tgz#8145e4ca7caff40acde3ccf946e8b8bb75b4172b"

type-detect@0.1.1:
  version "0.1.1"
  resolved "https://registry.yarnpkg.com/type-detect/-/type-detect-0.1.1.tgz#0ba5ec2a885640e470ea4e8505971900dac58822"

type-detect@^1.0.0:
  version "1.0.0"
  resolved "https://registry.yarnpkg.com/type-detect/-/type-detect-1.0.0.tgz#762217cc06db258ec48908a1298e8b95121e8ea2"

uglify-js@^2.6:
  version "2.8.29"
  resolved "https://registry.yarnpkg.com/uglify-js/-/uglify-js-2.8.29.tgz#29c5733148057bb4e1f75df35b7a9cb72e6a59dd"
  dependencies:
    source-map "~0.5.1"
    yargs "~3.10.0"
  optionalDependencies:
    uglify-to-browserify "~1.0.0"

uglify-to-browserify@~1.0.0:
  version "1.0.2"
  resolved "https://registry.yarnpkg.com/uglify-to-browserify/-/uglify-to-browserify-1.0.2.tgz#6e0924d6bda6b5afe349e39a6d632850a0f882b7"

underscore.string@~3.3.4:
  version "3.3.4"
  resolved "https://registry.yarnpkg.com/underscore.string/-/underscore.string-3.3.4.tgz#2c2a3f9f83e64762fdc45e6ceac65142864213db"
  dependencies:
    sprintf-js "^1.0.3"
    util-deprecate "^1.0.2"

unpipe@~1.0.0:
  version "1.0.0"
  resolved "https://registry.yarnpkg.com/unpipe/-/unpipe-1.0.0.tgz#b2bf4ee8514aae6165b4817829d21b2ef49904ec"

user-home@^1.1.1:
  version "1.1.1"
  resolved "https://registry.yarnpkg.com/user-home/-/user-home-1.1.1.tgz#2b5be23a32b63a7c9deb8d0f28d485724a3df190"

username-sync@1.0.1:
  version "1.0.1"
  resolved "https://registry.yarnpkg.com/username-sync/-/username-sync-1.0.1.tgz#1cde87eefcf94b8822984d938ba2b797426dae1f"

util-deprecate@^1.0.2:
  version "1.0.2"
  resolved "https://registry.yarnpkg.com/util-deprecate/-/util-deprecate-1.0.2.tgz#450d4dc9fa70de732762fbd2d4a28981419a0ccf"

utils-merge@1.0.0:
  version "1.0.0"
  resolved "https://registry.yarnpkg.com/utils-merge/-/utils-merge-1.0.0.tgz#0294fb922bb9375153541c4f7096231f287c8af8"

walk-sync@^0.1.3:
  version "0.1.3"
  resolved "https://registry.yarnpkg.com/walk-sync/-/walk-sync-0.1.3.tgz#8a07261a00bda6cfb1be25e9f100fad57546f583"

walk-sync@^0.3.1:
  version "0.3.2"
  resolved "https://registry.yarnpkg.com/walk-sync/-/walk-sync-0.3.2.tgz#4827280afc42d0e035367c4a4e31eeac0d136f75"
  dependencies:
    ensure-posix-path "^1.0.0"
    matcher-collection "^1.0.0"

window-size@0.1.0:
  version "0.1.0"
  resolved "https://registry.yarnpkg.com/window-size/-/window-size-0.1.0.tgz#5438cd2ea93b202efa3a19fe8887aee7c94f9c9d"

window-size@^0.1.2:
  version "0.1.4"
  resolved "https://registry.yarnpkg.com/window-size/-/window-size-0.1.4.tgz#f8e1aa1ee5a53ec5bf151ffa09742a6ad7697876"

wordwrap@0.0.2:
  version "0.0.2"
  resolved "https://registry.yarnpkg.com/wordwrap/-/wordwrap-0.0.2.tgz#b79669bb42ecb409f83d583cad52ca17eaa1643f"

wordwrap@~0.0.2:
  version "0.0.3"
  resolved "https://registry.yarnpkg.com/wordwrap/-/wordwrap-0.0.3.tgz#a3d5da6cd5c0bc0008d37234bbaf1bed63059107"

workerpool@^2.2.1:
  version "2.3.0"
  resolved "https://registry.yarnpkg.com/workerpool/-/workerpool-2.3.0.tgz#86c5cbe946b55e7dc9d12b1936c8801a6e2d744d"
  dependencies:
    object-assign "4.1.1"

wrappy@1:
  version "1.0.2"
  resolved "https://registry.yarnpkg.com/wrappy/-/wrappy-1.0.2.tgz#b5243d8f3ec1aa35f1364605bc0d1036e30ab69f"

xtend@^4.0.0:
  version "4.0.1"
  resolved "https://registry.yarnpkg.com/xtend/-/xtend-4.0.1.tgz#a5c6d532be656e23db820efb943a1f04998d63af"

y18n@^3.2.0:
  version "3.2.1"
  resolved "https://registry.yarnpkg.com/y18n/-/y18n-3.2.1.tgz#6d15fba884c08679c0d77e88e7759e811e07fa41"

yargs@~3.10.0:
  version "3.10.0"
  resolved "https://registry.yarnpkg.com/yargs/-/yargs-3.10.0.tgz#f7ee7bd857dd7c1d2d38c0e74efbd681d1431fd1"
  dependencies:
    camelcase "^1.0.2"
    cliui "^2.1.0"
    decamelize "^1.0.0"
    window-size "0.1.0"

yargs@~3.27.0:
  version "3.27.0"
  resolved "https://registry.yarnpkg.com/yargs/-/yargs-3.27.0.tgz#21205469316e939131d59f2da0c6d7f98221ea40"
  dependencies:
    camelcase "^1.2.1"
    cliui "^2.1.0"
    decamelize "^1.0.0"
    os-locale "^1.4.0"
    window-size "^0.1.2"
    y18n "^3.2.0"
