# THIS IS AN AUTOGENERATED FILE. DO NOT EDIT THIS FILE DIRECTLY.
# yarn lockfile v1


"@babel/code-frame@^7.0.0":
  version "7.0.0"
  resolved "https://registry.yarnpkg.com/@babel/code-frame/-/code-frame-7.0.0.tgz#06e2ab19bdb535385559aabb5ba59729482800f8"
  dependencies:
    "@babel/highlight" "^7.0.0"

"@babel/core@^7.0.0":
  version "7.0.0"
  resolved "https://registry.yarnpkg.com/@babel/core/-/core-7.0.0.tgz#0cb0c0fd2e78a0a2bec97698f549ae9ce0b99515"
  dependencies:
    "@babel/code-frame" "^7.0.0"
    "@babel/generator" "^7.0.0"
    "@babel/helpers" "^7.0.0"
    "@babel/parser" "^7.0.0"
    "@babel/template" "^7.0.0"
    "@babel/traverse" "^7.0.0"
    "@babel/types" "^7.0.0"
    convert-source-map "^1.1.0"
    debug "^3.1.0"
    json5 "^0.5.0"
    lodash "^4.17.10"
    resolve "^1.3.2"
    semver "^5.4.1"
    source-map "^0.5.0"

"@babel/generator@^7.0.0":
  version "7.0.0"
  resolved "https://registry.yarnpkg.com/@babel/generator/-/generator-7.0.0.tgz#1efd58bffa951dc846449e58ce3a1d7f02d393aa"
  dependencies:
    "@babel/types" "^7.0.0"
    jsesc "^2.5.1"
    lodash "^4.17.10"
    source-map "^0.5.0"
    trim-right "^1.0.1"

"@babel/helper-annotate-as-pure@^7.0.0":
  version "7.0.0"
  resolved "https://registry.yarnpkg.com/@babel/helper-annotate-as-pure/-/helper-annotate-as-pure-7.0.0.tgz#323d39dd0b50e10c7c06ca7d7638e6864d8c5c32"
  dependencies:
    "@babel/types" "^7.0.0"

"@babel/helper-define-map@^7.0.0":
  version "7.0.0"
  resolved "https://registry.yarnpkg.com/@babel/helper-define-map/-/helper-define-map-7.0.0.tgz#a5684dd2adf30f0137cf9b0bde436f8c2db17225"
  dependencies:
    "@babel/helper-function-name" "^7.0.0"
    "@babel/types" "^7.0.0"
    lodash "^4.17.10"

"@babel/helper-function-name@^7.0.0":
  version "7.0.0"
  resolved "https://registry.yarnpkg.com/@babel/helper-function-name/-/helper-function-name-7.0.0.tgz#a68cc8d04420ccc663dd258f9cc41b8261efa2d4"
  dependencies:
    "@babel/helper-get-function-arity" "^7.0.0"
    "@babel/template" "^7.0.0"
    "@babel/types" "^7.0.0"

"@babel/helper-get-function-arity@^7.0.0":
  version "7.0.0"
  resolved "https://registry.yarnpkg.com/@babel/helper-get-function-arity/-/helper-get-function-arity-7.0.0.tgz#83572d4320e2a4657263734113c42868b64e49c3"
  dependencies:
    "@babel/types" "^7.0.0"

"@babel/helper-member-expression-to-functions@^7.0.0":
  version "7.0.0"
  resolved "https://registry.yarnpkg.com/@babel/helper-member-expression-to-functions/-/helper-member-expression-to-functions-7.0.0.tgz#8cd14b0a0df7ff00f009e7d7a436945f47c7a16f"
  dependencies:
    "@babel/types" "^7.0.0"

"@babel/helper-module-imports@^7.0.0":
  version "7.0.0"
  resolved "https://registry.yarnpkg.com/@babel/helper-module-imports/-/helper-module-imports-7.0.0.tgz#96081b7111e486da4d2cd971ad1a4fe216cc2e3d"
  dependencies:
    "@babel/types" "^7.0.0"

"@babel/helper-module-transforms@^7.0.0":
  version "7.0.0"
  resolved "https://registry.yarnpkg.com/@babel/helper-module-transforms/-/helper-module-transforms-7.0.0.tgz#b01ee7d543e81e8c3fc404b19c9f26acb6e4cf4c"
  dependencies:
    "@babel/helper-module-imports" "^7.0.0"
    "@babel/helper-simple-access" "^7.0.0"
    "@babel/helper-split-export-declaration" "^7.0.0"
    "@babel/template" "^7.0.0"
    "@babel/types" "^7.0.0"
    lodash "^4.17.10"

"@babel/helper-optimise-call-expression@^7.0.0":
  version "7.0.0"
  resolved "https://registry.yarnpkg.com/@babel/helper-optimise-call-expression/-/helper-optimise-call-expression-7.0.0.tgz#a2920c5702b073c15de51106200aa8cad20497d5"
  dependencies:
    "@babel/types" "^7.0.0"

"@babel/helper-plugin-utils@^7.0.0":
  version "7.0.0"
  resolved "https://registry.yarnpkg.com/@babel/helper-plugin-utils/-/helper-plugin-utils-7.0.0.tgz#bbb3fbee98661c569034237cc03967ba99b4f250"

"@babel/helper-replace-supers@^7.0.0":
  version "7.0.0"
  resolved "https://registry.yarnpkg.com/@babel/helper-replace-supers/-/helper-replace-supers-7.0.0.tgz#b6f21237280e0be54f591f63a464b66627ced707"
  dependencies:
    "@babel/helper-member-expression-to-functions" "^7.0.0"
    "@babel/helper-optimise-call-expression" "^7.0.0"
    "@babel/traverse" "^7.0.0"
    "@babel/types" "^7.0.0"

"@babel/helper-simple-access@^7.0.0":
  version "7.0.0"
  resolved "https://registry.yarnpkg.com/@babel/helper-simple-access/-/helper-simple-access-7.0.0.tgz#ff36a27983ae4c27122da2f7f294dced80ecbd08"
  dependencies:
    "@babel/template" "^7.0.0"
    "@babel/types" "^7.0.0"

"@babel/helper-split-export-declaration@^7.0.0":
  version "7.0.0"
  resolved "https://registry.yarnpkg.com/@babel/helper-split-export-declaration/-/helper-split-export-declaration-7.0.0.tgz#3aae285c0311c2ab095d997b8c9a94cad547d813"
  dependencies:
    "@babel/types" "^7.0.0"

"@babel/helpers@^7.0.0":
  version "7.0.0"
  resolved "https://registry.yarnpkg.com/@babel/helpers/-/helpers-7.0.0.tgz#7213388341eeb07417f44710fd7e1d00acfa6ac0"
  dependencies:
    "@babel/template" "^7.0.0"
    "@babel/traverse" "^7.0.0"
    "@babel/types" "^7.0.0"

"@babel/highlight@^7.0.0":
  version "7.0.0"
  resolved "https://registry.yarnpkg.com/@babel/highlight/-/highlight-7.0.0.tgz#f710c38c8d458e6dd9a201afb637fcb781ce99e4"
  dependencies:
    chalk "^2.0.0"
    esutils "^2.0.2"
    js-tokens "^4.0.0"

"@babel/parser@^7.0.0":
  version "7.0.0"
  resolved "https://registry.yarnpkg.com/@babel/parser/-/parser-7.0.0.tgz#697655183394facffb063437ddf52c0277698775"

"@babel/plugin-transform-block-scoping@^7.0.0":
  version "7.0.0"
  resolved "https://registry.yarnpkg.com/@babel/plugin-transform-block-scoping/-/plugin-transform-block-scoping-7.0.0.tgz#1745075edffd7cdaf69fab2fb6f9694424b7e9bc"
  dependencies:
    "@babel/helper-plugin-utils" "^7.0.0"
    lodash "^4.17.10"

"@babel/plugin-transform-classes@^7.0.0":
  version "7.0.0"
  resolved "https://registry.yarnpkg.com/@babel/plugin-transform-classes/-/plugin-transform-classes-7.0.0.tgz#9e65ca401747dde99e344baea90ab50dccb4c468"
  dependencies:
    "@babel/helper-annotate-as-pure" "^7.0.0"
    "@babel/helper-define-map" "^7.0.0"
    "@babel/helper-function-name" "^7.0.0"
    "@babel/helper-optimise-call-expression" "^7.0.0"
    "@babel/helper-plugin-utils" "^7.0.0"
    "@babel/helper-replace-supers" "^7.0.0"
    "@babel/helper-split-export-declaration" "^7.0.0"
    globals "^11.1.0"

"@babel/plugin-transform-modules-amd@^7.0.0":
  version "7.0.0"
  resolved "https://registry.yarnpkg.com/@babel/plugin-transform-modules-amd/-/plugin-transform-modules-amd-7.0.0.tgz#2430ab73db9960c4ca89966f425b803f5d0d0468"
  dependencies:
    "@babel/helper-module-transforms" "^7.0.0"
    "@babel/helper-plugin-utils" "^7.0.0"

"@babel/plugin-transform-strict-mode@^7.0.0":
  version "7.0.0"
  resolved "https://registry.yarnpkg.com/@babel/plugin-transform-strict-mode/-/plugin-transform-strict-mode-7.0.0.tgz#de617e745c372445ea3005029346607bc40f2701"
  dependencies:
    "@babel/helper-plugin-utils" "^7.0.0"

"@babel/template@^7.0.0":
  version "7.0.0"
  resolved "https://registry.yarnpkg.com/@babel/template/-/template-7.0.0.tgz#c2bc9870405959c89a9c814376a2ecb247838c80"
  dependencies:
    "@babel/code-frame" "^7.0.0"
    "@babel/parser" "^7.0.0"
    "@babel/types" "^7.0.0"

"@babel/traverse@^7.0.0":
  version "7.0.0"
  resolved "https://registry.yarnpkg.com/@babel/traverse/-/traverse-7.0.0.tgz#b1fe9b6567fdf3ab542cfad6f3b31f854d799a61"
  dependencies:
    "@babel/code-frame" "^7.0.0"
    "@babel/generator" "^7.0.0"
    "@babel/helper-function-name" "^7.0.0"
    "@babel/helper-split-export-declaration" "^7.0.0"
    "@babel/parser" "^7.0.0"
    "@babel/types" "^7.0.0"
    debug "^3.1.0"
    globals "^11.1.0"
    lodash "^4.17.10"

"@babel/types@^7.0.0":
  version "7.0.0"
  resolved "https://registry.yarnpkg.com/@babel/types/-/types-7.0.0.tgz#6e191793d3c854d19c6749989e3bc55f0e962118"
  dependencies:
    esutils "^2.0.2"
    lodash "^4.17.10"
    to-fast-properties "^2.0.0"

align-text@^0.1.1, align-text@^0.1.3:
  version "0.1.4"
  resolved "https://registry.yarnpkg.com/align-text/-/align-text-0.1.4.tgz#0cd90a561093f35d0a99256c22b7069433fad117"
  dependencies:
    kind-of "^3.0.2"
    longest "^1.0.1"
    repeat-string "^1.5.2"

amd-name-resolver@1.2.0:
  version "1.2.0"
  resolved "https://registry.yarnpkg.com/amd-name-resolver/-/amd-name-resolver-1.2.0.tgz#fc41b3848824b557313897d71f8d5a0184fbe679"
  dependencies:
    ensure-posix-path "^1.0.1"

amdefine@>=0.0.4:
  version "1.0.1"
  resolved "https://registry.yarnpkg.com/amdefine/-/amdefine-1.0.1.tgz#4a5282ac164729e93619bcfd3ad151f817ce91f5"

ansi-styles@^3.2.1:
  version "3.2.1"
  resolved "https://registry.yarnpkg.com/ansi-styles/-/ansi-styles-3.2.1.tgz#41fbb20243e50b12be0f04b8dedbf07520ce841d"
  dependencies:
    color-convert "^1.9.0"

array-equal@^1.0.0:
  version "1.0.0"
  resolved "https://registry.yarnpkg.com/array-equal/-/array-equal-1.0.0.tgz#8c2a5ef2472fd9ea742b04c77a75093ba2757c93"

assertion-error@^1.0.1:
  version "1.1.0"
  resolved "https://registry.yarnpkg.com/assertion-error/-/assertion-error-1.1.0.tgz#e60b6b0e8f301bd97e5375215bda406c85118c0b"

async-disk-cache@^1.2.1:
  version "1.3.3"
  resolved "https://registry.yarnpkg.com/async-disk-cache/-/async-disk-cache-1.3.3.tgz#6040486660b370e4051cd9fa9fee275e1fae3728"
  dependencies:
    debug "^2.1.3"
    heimdalljs "^0.2.3"
    istextorbinary "2.1.0"
    mkdirp "^0.5.0"
    rimraf "^2.5.3"
    rsvp "^3.0.18"
    username-sync "1.0.1"

async-promise-queue@^1.0.3:
  version "1.0.4"
  resolved "https://registry.yarnpkg.com/async-promise-queue/-/async-promise-queue-1.0.4.tgz#308baafbc74aff66a0bb6e7f4a18d4fe8434440c"
  dependencies:
    async "^2.4.1"
    debug "^2.6.8"

async@^1.4.0:
  version "1.5.2"
  resolved "https://registry.yarnpkg.com/async/-/async-1.5.2.tgz#ec6a61ae56480c0c3cb241c95618e20892f9672a"

async@^2.4.1:
  version "2.6.1"
  resolved "https://registry.yarnpkg.com/async/-/async-2.6.1.tgz#b245a23ca71930044ec53fa46aa00a3e87c6a610"
  dependencies:
    lodash "^4.17.10"

babel-plugin-module-resolver@^3.1.1:
  version "3.1.1"
  resolved "https://registry.yarnpkg.com/babel-plugin-module-resolver/-/babel-plugin-module-resolver-3.1.1.tgz#881cf67e3d4b8400d5eaaefc1be44d2dc1fe404f"
  dependencies:
    find-babel-config "^1.1.0"
    glob "^7.1.2"
    pkg-up "^2.0.0"
    reselect "^3.0.1"
    resolve "^1.4.0"

balanced-match@^1.0.0:
  version "1.0.0"
  resolved "https://registry.yarnpkg.com/balanced-match/-/balanced-match-1.0.0.tgz#89b4d199ab2bee49de164ea02b89ce462d71b767"

"binaryextensions@1 || 2":
  version "2.1.1"
  resolved "https://registry.yarnpkg.com/binaryextensions/-/binaryextensions-2.1.1.tgz#3209a51ca4a4ad541a3b8d3d6a6d5b83a2485935"

blank-object@^1.0.1:
  version "1.0.2"
  resolved "https://registry.yarnpkg.com/blank-object/-/blank-object-1.0.2.tgz#f990793fbe9a8c8dd013fb3219420bec81d5f4b9"

brace-expansion@^1.0.0, brace-expansion@^1.1.7:
  version "1.1.11"
  resolved "https://registry.yarnpkg.com/brace-expansion/-/brace-expansion-1.1.11.tgz#3c7fcbf529d87226f3d2f52b966ff5271eb441dd"
  dependencies:
    balanced-match "^1.0.0"
    concat-map "0.0.1"

broccoli-funnel@^2.0.1:
  version "2.0.1"
  resolved "https://registry.yarnpkg.com/broccoli-funnel/-/broccoli-funnel-2.0.1.tgz#6823c73b675ef78fffa7ab800f083e768b51d449"
  dependencies:
    array-equal "^1.0.0"
    blank-object "^1.0.1"
    broccoli-plugin "^1.3.0"
    debug "^2.2.0"
    fast-ordered-set "^1.0.0"
    fs-tree-diff "^0.5.3"
    heimdalljs "^0.2.0"
    minimatch "^3.0.0"
    mkdirp "^0.5.0"
    path-posix "^1.0.0"
    rimraf "^2.4.3"
    symlink-or-copy "^1.0.0"
    walk-sync "^0.3.1"

broccoli-kitchen-sink-helpers@^0.2.5:
  version "0.2.9"
  resolved "https://registry.yarnpkg.com/broccoli-kitchen-sink-helpers/-/broccoli-kitchen-sink-helpers-0.2.9.tgz#a5e0986ed8d76fb5984b68c3f0450d3a96e36ecc"
  dependencies:
    glob "^5.0.10"
    mkdirp "^0.5.1"

broccoli-kitchen-sink-helpers@^0.3.1:
  version "0.3.1"
  resolved "https://registry.yarnpkg.com/broccoli-kitchen-sink-helpers/-/broccoli-kitchen-sink-helpers-0.3.1.tgz#77c7c18194b9664163ec4fcee2793444926e0c06"
  dependencies:
    glob "^5.0.10"
    mkdirp "^0.5.1"

broccoli-merge-trees@^3.0.0:
  version "3.0.1"
  resolved "https://registry.yarnpkg.com/broccoli-merge-trees/-/broccoli-merge-trees-3.0.1.tgz#545dfe9f695cec43372b3ee7e63c7203713ea554"
  dependencies:
    broccoli-plugin "^1.3.0"
    merge-trees "^2.0.0"

broccoli-persistent-filter@^1.4.3:
  version "1.4.3"
  resolved "https://registry.yarnpkg.com/broccoli-persistent-filter/-/broccoli-persistent-filter-1.4.3.tgz#3511bc52fc53740cda51621f58a28152d9911bc1"
  dependencies:
    async-disk-cache "^1.2.1"
    async-promise-queue "^1.0.3"
    broccoli-plugin "^1.0.0"
    fs-tree-diff "^0.5.2"
    hash-for-dep "^1.0.2"
    heimdalljs "^0.2.1"
    heimdalljs-logger "^0.1.7"
    mkdirp "^0.5.1"
    promise-map-series "^0.2.1"
    rimraf "^2.6.1"
    rsvp "^3.0.18"
    symlink-or-copy "^1.0.1"
    walk-sync "^0.3.1"

broccoli-plugin@^1.0.0, broccoli-plugin@^1.3.0:
  version "1.3.1"
  resolved "https://registry.yarnpkg.com/broccoli-plugin/-/broccoli-plugin-1.3.1.tgz#a26315732fb99ed2d9fb58f12a1e14e986b4fabd"
  dependencies:
    promise-map-series "^0.2.1"
    quick-temp "^0.1.3"
    rimraf "^2.3.4"
    symlink-or-copy "^1.1.8"

broccoli-slow-trees@^1.0.0:
  version "1.1.0"
  resolved "https://registry.yarnpkg.com/broccoli-slow-trees/-/broccoli-slow-trees-1.1.0.tgz#426c5724e008107e4573f73e8a9ca702916b78f7"

broccoli-test-helpers@0.0.9:
  version "0.0.9"
  resolved "https://registry.yarnpkg.com/broccoli-test-helpers/-/broccoli-test-helpers-0.0.9.tgz#7bfa564b51e105f84b2c0f930b091ff057ae1254"
  dependencies:
    broccoli "^0.16.2"
    rsvp "^3.0.17"
    walk-sync "^0.2.6"

broccoli@^0.16.2, broccoli@^0.16.3:
  version "0.16.9"
  resolved "https://registry.yarnpkg.com/broccoli/-/broccoli-0.16.9.tgz#b87ca679f09005c576901a9bc19f5df77efd55a4"
  dependencies:
    broccoli-kitchen-sink-helpers "^0.2.5"
    broccoli-slow-trees "^1.0.0"
    commander "^2.5.0"
    connect "^3.3.3"
    copy-dereference "^1.0.0"
    findup-sync "^0.2.1"
    handlebars "^4.0.4"
    mime "^1.2.11"
    promise-map-series "^0.2.1"
    quick-temp "^0.1.2"
    rimraf "^2.2.8"
    rsvp "^3.0.17"

browser-stdout@1.3.1:
  version "1.3.1"
  resolved "https://registry.yarnpkg.com/browser-stdout/-/browser-stdout-1.3.1.tgz#baa559ee14ced73452229bad7326467c61fabd60"

camelcase@^1.0.2:
  version "1.2.1"
  resolved "https://registry.yarnpkg.com/camelcase/-/camelcase-1.2.1.tgz#9bb5304d2e0b56698b2c758b08a3eaa9daa58a39"

can-symlink@^1.0.0:
  version "1.0.0"
  resolved "https://registry.yarnpkg.com/can-symlink/-/can-symlink-1.0.0.tgz#97b607d8a84bb6c6e228b902d864ecb594b9d219"
  dependencies:
    tmp "0.0.28"

center-align@^0.1.1:
  version "0.1.3"
  resolved "https://registry.yarnpkg.com/center-align/-/center-align-0.1.3.tgz#aa0d32629b6ee972200411cbd4461c907bc2b7ad"
  dependencies:
    align-text "^0.1.3"
    lazy-cache "^1.0.3"

chai@^4.1.2:
  version "4.1.2"
  resolved "https://registry.yarnpkg.com/chai/-/chai-4.1.2.tgz#0f64584ba642f0f2ace2806279f4f06ca23ad73c"
  dependencies:
    assertion-error "^1.0.1"
    check-error "^1.0.1"
    deep-eql "^3.0.0"
    get-func-name "^2.0.0"
    pathval "^1.0.0"
    type-detect "^4.0.0"

chalk@^2.0.0:
  version "2.4.1"
  resolved "https://registry.yarnpkg.com/chalk/-/chalk-2.4.1.tgz#18c49ab16a037b6eb0152cc83e3471338215b66e"
  dependencies:
    ansi-styles "^3.2.1"
    escape-string-regexp "^1.0.5"
    supports-color "^5.3.0"

check-error@^1.0.1:
  version "1.0.2"
  resolved "https://registry.yarnpkg.com/check-error/-/check-error-1.0.2.tgz#574d312edd88bb5dd8912e9286dd6c0aed4aac82"

clean-up-path@^1.0.0:
  version "1.0.0"
  resolved "https://registry.yarnpkg.com/clean-up-path/-/clean-up-path-1.0.0.tgz#de9e8196519912e749c9eaf67c13d64fac72a3e5"

cliui@^2.1.0:
  version "2.1.0"
  resolved "https://registry.yarnpkg.com/cliui/-/cliui-2.1.0.tgz#4b475760ff80264c762c3a1719032e91c7fea0d1"
  dependencies:
    center-align "^0.1.1"
    right-align "^0.1.1"
    wordwrap "0.0.2"

clone@^2.1.2:
  version "2.1.2"
  resolved "https://registry.yarnpkg.com/clone/-/clone-2.1.2.tgz#1b7f4b9f591f1e8f83670401600345a02887435f"

color-convert@^1.9.0:
  version "1.9.3"
  resolved "https://registry.yarnpkg.com/color-convert/-/color-convert-1.9.3.tgz#bb71850690e1f136567de629d2d5471deda4c1e8"
  dependencies:
    color-name "1.1.3"

color-name@1.1.3:
  version "1.1.3"
  resolved "https://registry.yarnpkg.com/color-name/-/color-name-1.1.3.tgz#a7d0558bd89c42f795dd42328f740831ca53bc25"

commander@2.15.1:
  version "2.15.1"
  resolved "https://registry.yarnpkg.com/commander/-/commander-2.15.1.tgz#df46e867d0fc2aec66a34662b406a9ccafff5b0f"

commander@^2.5.0:
  version "2.17.1"
  resolved "https://registry.yarnpkg.com/commander/-/commander-2.17.1.tgz#bd77ab7de6de94205ceacc72f1716d29f20a77bf"

concat-map@0.0.1:
  version "0.0.1"
  resolved "https://registry.yarnpkg.com/concat-map/-/concat-map-0.0.1.tgz#d8a96bd77fd68df7793a73036a3ba0d5405d477b"

connect@^3.3.3:
  version "3.6.6"
  resolved "https://registry.yarnpkg.com/connect/-/connect-3.6.6.tgz#09eff6c55af7236e137135a72574858b6786f524"
  dependencies:
    debug "2.6.9"
    finalhandler "1.1.0"
    parseurl "~1.3.2"
    utils-merge "1.0.1"

connected-domain@^1.0.0:
  version "1.0.0"
  resolved "https://registry.yarnpkg.com/connected-domain/-/connected-domain-1.0.0.tgz#bfe77238c74be453a79f0cb6058deeb4f2358e93"

convert-source-map@^1.1.0:
  version "1.5.1"
  resolved "https://registry.yarnpkg.com/convert-source-map/-/convert-source-map-1.5.1.tgz#b8278097b9bc229365de5c62cf5fcaed8b5599e5"

copy-dereference@^1.0.0:
  version "1.0.0"
  resolved "https://registry.yarnpkg.com/copy-dereference/-/copy-dereference-1.0.0.tgz#6b131865420fd81b413ba994b44d3655311152b6"

debug@2.6.9, debug@^2.1.3, debug@^2.2.0, debug@^2.6.8:
  version "2.6.9"
  resolved "https://registry.yarnpkg.com/debug/-/debug-2.6.9.tgz#5d128515df134ff327e90a4c93f4e077a536341f"
  dependencies:
    ms "2.0.0"

debug@3.1.0, debug@^3.1.0:
  version "3.1.0"
  resolved "https://registry.yarnpkg.com/debug/-/debug-3.1.0.tgz#5bb5a0672628b64149566ba16819e61518c67261"
  dependencies:
    ms "2.0.0"

decamelize@^1.0.0:
  version "1.2.0"
  resolved "https://registry.yarnpkg.com/decamelize/-/decamelize-1.2.0.tgz#f6534d15148269b20352e7bee26f501f9a191290"

deep-eql@^3.0.0:
  version "3.0.1"
  resolved "https://registry.yarnpkg.com/deep-eql/-/deep-eql-3.0.1.tgz#dfc9404400ad1c8fe023e7da1df1c147c4b444df"
  dependencies:
    type-detect "^4.0.0"

diff@3.5.0:
  version "3.5.0"
  resolved "https://registry.yarnpkg.com/diff/-/diff-3.5.0.tgz#800c0dd1e0a8bfbc95835c202ad220fe317e5a12"

editions@^1.1.1:
  version "1.3.4"
  resolved "https://registry.yarnpkg.com/editions/-/editions-1.3.4.tgz#3662cb592347c3168eb8e498a0ff73271d67f50b"

ee-first@1.1.1:
  version "1.1.1"
  resolved "https://registry.yarnpkg.com/ee-first/-/ee-first-1.1.1.tgz#590c61156b0ae2f4f0255732a158b266bc56b21d"

encodeurl@~1.0.1:
  version "1.0.2"
  resolved "https://registry.yarnpkg.com/encodeurl/-/encodeurl-1.0.2.tgz#ad3ff4c86ec2d029322f5a02c3a9a606c95b3f59"

ensure-posix-path@^1.0.0, ensure-posix-path@^1.0.1:
  version "1.0.2"
  resolved "https://registry.yarnpkg.com/ensure-posix-path/-/ensure-posix-path-1.0.2.tgz#a65b3e42d0b71cfc585eb774f9943c8d9b91b0c2"

escape-html@~1.0.3:
  version "1.0.3"
  resolved "https://registry.yarnpkg.com/escape-html/-/escape-html-1.0.3.tgz#0258eae4d3d0c0974de1c169188ef0051d1d1988"

escape-string-regexp@1.0.5, escape-string-regexp@^1.0.5:
  version "1.0.5"
  resolved "https://registry.yarnpkg.com/escape-string-regexp/-/escape-string-regexp-1.0.5.tgz#1b61c0562190a8dff6ae3bb2cf0200ca130b86d4"

esutils@^2.0.2:
  version "2.0.2"
  resolved "https://registry.yarnpkg.com/esutils/-/esutils-2.0.2.tgz#0abf4f1caa5bcb1f7a9d8acc6dea4faaa04bac9b"

fast-ordered-set@^1.0.0:
  version "1.0.3"
  resolved "https://registry.yarnpkg.com/fast-ordered-set/-/fast-ordered-set-1.0.3.tgz#3fbb36634f7be79e4f7edbdb4a357dee25d184eb"
  dependencies:
    blank-object "^1.0.1"

finalhandler@1.1.0:
  version "1.1.0"
  resolved "https://registry.yarnpkg.com/finalhandler/-/finalhandler-1.1.0.tgz#ce0b6855b45853e791b2fcc680046d88253dd7f5"
  dependencies:
    debug "2.6.9"
    encodeurl "~1.0.1"
    escape-html "~1.0.3"
    on-finished "~2.3.0"
    parseurl "~1.3.2"
    statuses "~1.3.1"
    unpipe "~1.0.0"

find-babel-config@^1.1.0:
  version "1.1.0"
  resolved "https://registry.yarnpkg.com/find-babel-config/-/find-babel-config-1.1.0.tgz#acc01043a6749fec34429be6b64f542ebb5d6355"
  dependencies:
    json5 "^0.5.1"
    path-exists "^3.0.0"

find-up@^2.1.0:
  version "2.1.0"
  resolved "https://registry.yarnpkg.com/find-up/-/find-up-2.1.0.tgz#45d1b7e506c717ddd482775a2b77920a3c0c57a7"
  dependencies:
    locate-path "^2.0.0"

findup-sync@^0.2.1:
  version "0.2.1"
  resolved "https://registry.yarnpkg.com/findup-sync/-/findup-sync-0.2.1.tgz#e0a90a450075c49466ee513732057514b81e878c"
  dependencies:
    glob "~4.3.0"

fs-tree-diff@^0.5.2, fs-tree-diff@^0.5.3:
  version "0.5.9"
  resolved "https://registry.yarnpkg.com/fs-tree-diff/-/fs-tree-diff-0.5.9.tgz#a4ec6182c2f5bd80b9b83c8e23e4522e6f5fd946"
  dependencies:
    heimdalljs-logger "^0.1.7"
    object-assign "^4.1.0"
    path-posix "^1.0.0"
    symlink-or-copy "^1.1.8"

fs-updater@^1.0.4:
  version "1.0.4"
  resolved "https://registry.yarnpkg.com/fs-updater/-/fs-updater-1.0.4.tgz#2329980f99ae9176e9a0e84f7637538a182ce63b"
  dependencies:
    can-symlink "^1.0.0"
    clean-up-path "^1.0.0"
    heimdalljs "^0.2.5"
    heimdalljs-logger "^0.1.9"
    rimraf "^2.6.2"

fs.realpath@^1.0.0:
  version "1.0.0"
  resolved "https://registry.yarnpkg.com/fs.realpath/-/fs.realpath-1.0.0.tgz#1504ad2523158caa40db4a2787cb01411994ea4f"

get-func-name@^2.0.0:
  version "2.0.0"
  resolved "https://registry.yarnpkg.com/get-func-name/-/get-func-name-2.0.0.tgz#ead774abee72e20409433a066366023dd6887a41"

glob@7.1.2:
  version "7.1.2"
  resolved "https://registry.yarnpkg.com/glob/-/glob-7.1.2.tgz#c19c9df9a028702d678612384a6552404c636d15"
  dependencies:
    fs.realpath "^1.0.0"
    inflight "^1.0.4"
    inherits "2"
    minimatch "^3.0.4"
    once "^1.3.0"
    path-is-absolute "^1.0.0"

glob@^5.0.10:
  version "5.0.15"
  resolved "https://registry.yarnpkg.com/glob/-/glob-5.0.15.tgz#1bc936b9e02f4a603fcc222ecf7633d30b8b93b1"
  dependencies:
    inflight "^1.0.4"
    inherits "2"
    minimatch "2 || 3"
    once "^1.3.0"
    path-is-absolute "^1.0.0"

glob@^7.0.5, glob@^7.1.2:
  version "7.1.3"
  resolved "https://registry.yarnpkg.com/glob/-/glob-7.1.3.tgz#3960832d3f1574108342dafd3a67b332c0969df1"
  dependencies:
    fs.realpath "^1.0.0"
    inflight "^1.0.4"
    inherits "2"
    minimatch "^3.0.4"
    once "^1.3.0"
    path-is-absolute "^1.0.0"

glob@~4.3.0:
  version "4.3.5"
  resolved "https://registry.yarnpkg.com/glob/-/glob-4.3.5.tgz#80fbb08ca540f238acce5d11d1e9bc41e75173d3"
  dependencies:
    inflight "^1.0.4"
    inherits "2"
    minimatch "^2.0.1"
    once "^1.3.0"

globals@^11.1.0:
  version "11.7.0"
  resolved "https://registry.yarnpkg.com/globals/-/globals-11.7.0.tgz#a583faa43055b1aca771914bf68258e2fc125673"

growl@1.10.5:
  version "1.10.5"
  resolved "https://registry.yarnpkg.com/growl/-/growl-1.10.5.tgz#f2735dc2283674fa67478b10181059355c369e5e"

handlebars@^4.0.4:
  version "4.0.11"
  resolved "https://registry.yarnpkg.com/handlebars/-/handlebars-4.0.11.tgz#630a35dfe0294bc281edae6ffc5d329fc7982dcc"
  dependencies:
    async "^1.4.0"
    optimist "^0.6.1"
    source-map "^0.4.4"
  optionalDependencies:
    uglify-js "^2.6"

has-flag@^3.0.0:
  version "3.0.0"
  resolved "https://registry.yarnpkg.com/has-flag/-/has-flag-3.0.0.tgz#b5d454dc2199ae225699f3467e5a07f3b955bafd"

hash-for-dep@^1.0.2, hash-for-dep@^1.2.3:
  version "1.2.3"
  resolved "https://registry.yarnpkg.com/hash-for-dep/-/hash-for-dep-1.2.3.tgz#5ec69fca32c23523972d52acb5bb65ffc3664cab"
  dependencies:
    broccoli-kitchen-sink-helpers "^0.3.1"
    heimdalljs "^0.2.3"
    heimdalljs-logger "^0.1.7"
    resolve "^1.4.0"

he@1.1.1:
  version "1.1.1"
  resolved "https://registry.yarnpkg.com/he/-/he-1.1.1.tgz#93410fd21b009735151f8868c2f271f3427e23fd"

heimdalljs-logger@^0.1.7, heimdalljs-logger@^0.1.9:
  version "0.1.10"
  resolved "https://registry.yarnpkg.com/heimdalljs-logger/-/heimdalljs-logger-0.1.10.tgz#90cad58aabb1590a3c7e640ddc6a4cd3a43faaf7"
  dependencies:
    debug "^2.2.0"
    heimdalljs "^0.2.6"

heimdalljs@^0.2.0, heimdalljs@^0.2.1, heimdalljs@^0.2.3, heimdalljs@^0.2.5, heimdalljs@^0.2.6:
  version "0.2.6"
  resolved "https://registry.yarnpkg.com/heimdalljs/-/heimdalljs-0.2.6.tgz#b0eebabc412813aeb9542f9cc622cb58dbdcd9fe"
  dependencies:
    rsvp "~3.2.1"

inflight@^1.0.4:
  version "1.0.6"
  resolved "https://registry.yarnpkg.com/inflight/-/inflight-1.0.6.tgz#49bd6331d7d02d0c09bc910a1075ba8165b56df9"
  dependencies:
    once "^1.3.0"
    wrappy "1"

inherits@2:
  version "2.0.3"
  resolved "https://registry.yarnpkg.com/inherits/-/inherits-2.0.3.tgz#633c2c83e3da42a502f52466022480f4208261de"

is-buffer@^1.1.5:
  version "1.1.6"
  resolved "https://registry.yarnpkg.com/is-buffer/-/is-buffer-1.1.6.tgz#efaa2ea9daa0d7ab2ea13a97b2b8ad51fefbe8be"

istextorbinary@2.1.0:
  version "2.1.0"
  resolved "https://registry.yarnpkg.com/istextorbinary/-/istextorbinary-2.1.0.tgz#dbed2a6f51be2f7475b68f89465811141b758874"
  dependencies:
    binaryextensions "1 || 2"
    editions "^1.1.1"
    textextensions "1 || 2"

js-tokens@^4.0.0:
  version "4.0.0"
  resolved "https://registry.yarnpkg.com/js-tokens/-/js-tokens-4.0.0.tgz#19203fb59991df98e3a287050d4647cdeaf32499"

jsesc@^2.5.1:
  version "2.5.1"
  resolved "https://registry.yarnpkg.com/jsesc/-/jsesc-2.5.1.tgz#e421a2a8e20d6b0819df28908f782526b96dd1fe"

json-stable-stringify@^1.0.1:
  version "1.0.1"
  resolved "https://registry.yarnpkg.com/json-stable-stringify/-/json-stable-stringify-1.0.1.tgz#9a759d39c5f2ff503fd5300646ed445f88c4f9af"
  dependencies:
    jsonify "~0.0.0"

json5@^0.5.0, json5@^0.5.1:
  version "0.5.1"
  resolved "https://registry.yarnpkg.com/json5/-/json5-0.5.1.tgz#1eade7acc012034ad84e2396767ead9fa5495821"

jsonify@~0.0.0:
  version "0.0.0"
  resolved "https://registry.yarnpkg.com/jsonify/-/jsonify-0.0.0.tgz#2c74b6ee41d93ca51b7b5aaee8f503631d252a73"

kind-of@^3.0.2:
  version "3.2.2"
  resolved "https://registry.yarnpkg.com/kind-of/-/kind-of-3.2.2.tgz#31ea21a734bab9bbb0f32466d893aea51e4a3c64"
  dependencies:
    is-buffer "^1.1.5"

lazy-cache@^1.0.3:
  version "1.0.4"
  resolved "https://registry.yarnpkg.com/lazy-cache/-/lazy-cache-1.0.4.tgz#a1d78fc3a50474cb80845d3b3b6e1da49a446e8e"

locate-path@^2.0.0:
  version "2.0.0"
  resolved "https://registry.yarnpkg.com/locate-path/-/locate-path-2.0.0.tgz#2b568b265eec944c6d9c0de9c3dbbbca0354cd8e"
  dependencies:
    p-locate "^2.0.0"
    path-exists "^3.0.0"

lodash@^4.17.10:
  version "4.17.10"
  resolved "https://registry.yarnpkg.com/lodash/-/lodash-4.17.10.tgz#1b7793cf7259ea38fb3661d4d38b3260af8ae4e7"

longest@^1.0.1:
  version "1.0.1"
  resolved "https://registry.yarnpkg.com/longest/-/longest-1.0.1.tgz#30a0b2da38f73770e8294a0d22e6625ed77d0097"

matcher-collection@^1.0.0:
  version "1.0.5"
  resolved "https://registry.yarnpkg.com/matcher-collection/-/matcher-collection-1.0.5.tgz#2ee095438372cb8884f058234138c05c644ec339"
  dependencies:
    minimatch "^3.0.2"

merge-trees@^2.0.0:
  version "2.0.0"
  resolved "https://registry.yarnpkg.com/merge-trees/-/merge-trees-2.0.0.tgz#a560d796e566c5d9b2c40472a2967cca48d85161"
  dependencies:
    fs-updater "^1.0.4"
    heimdalljs "^0.2.5"

mime@^1.2.11:
  version "1.6.0"
  resolved "https://registry.yarnpkg.com/mime/-/mime-1.6.0.tgz#32cd9e5c64553bd58d19a568af452acff04981b1"

"minimatch@2 || 3", minimatch@3.0.4, minimatch@^3.0.0, minimatch@^3.0.2, minimatch@^3.0.4:
  version "3.0.4"
  resolved "https://registry.yarnpkg.com/minimatch/-/minimatch-3.0.4.tgz#5166e286457f03306064be5497e8dbb0c3d32083"
  dependencies:
    brace-expansion "^1.1.7"

minimatch@^2.0.1:
  version "2.0.10"
  resolved "https://registry.yarnpkg.com/minimatch/-/minimatch-2.0.10.tgz#8d087c39c6b38c001b97fca7ce6d0e1e80afbac7"
  dependencies:
    brace-expansion "^1.0.0"

minimist@0.0.8:
  version "0.0.8"
  resolved "https://registry.yarnpkg.com/minimist/-/minimist-0.0.8.tgz#857fcabfc3397d2625b8228262e86aa7a011b05d"

minimist@~0.0.1:
  version "0.0.10"
  resolved "https://registry.yarnpkg.com/minimist/-/minimist-0.0.10.tgz#de3f98543dbf96082be48ad1a0c7cda836301dcf"

mkdirp@0.5.1, mkdirp@^0.5.0, mkdirp@^0.5.1:
  version "0.5.1"
  resolved "https://registry.yarnpkg.com/mkdirp/-/mkdirp-0.5.1.tgz#30057438eac6cf7f8c4767f38648d6697d75c903"
  dependencies:
    minimist "0.0.8"

mktemp@~0.4.0:
  version "0.4.0"
  resolved "https://registry.yarnpkg.com/mktemp/-/mktemp-0.4.0.tgz#6d0515611c8a8c84e484aa2000129b98e981ff0b"

mocha@^5.2.0:
  version "5.2.0"
  resolved "https://registry.yarnpkg.com/mocha/-/mocha-5.2.0.tgz#6d8ae508f59167f940f2b5b3c4a612ae50c90ae6"
  dependencies:
    browser-stdout "1.3.1"
    commander "2.15.1"
    debug "3.1.0"
    diff "3.5.0"
    escape-string-regexp "1.0.5"
    glob "7.1.2"
    growl "1.10.5"
    he "1.1.1"
    minimatch "3.0.4"
    mkdirp "0.5.1"
    supports-color "5.4.0"

ms@2.0.0:
  version "2.0.0"
  resolved "https://registry.yarnpkg.com/ms/-/ms-2.0.0.tgz#5608aeadfc00be6c2901df5f9861788de0d597c8"

object-assign@4.1.1, object-assign@^4.1.0:
  version "4.1.1"
  resolved "https://registry.yarnpkg.com/object-assign/-/object-assign-4.1.1.tgz#2109adc7965887cfc05cbbd442cac8bfbb360863"

on-finished@~2.3.0:
  version "2.3.0"
  resolved "https://registry.yarnpkg.com/on-finished/-/on-finished-2.3.0.tgz#20f1336481b083cd75337992a16971aa2d906947"
  dependencies:
    ee-first "1.1.1"

once@^1.3.0:
  version "1.4.0"
  resolved "https://registry.yarnpkg.com/once/-/once-1.4.0.tgz#583b1aa775961d4b113ac17d9c50baef9dd76bd1"
  dependencies:
    wrappy "1"

optimist@^0.6.1:
  version "0.6.1"
  resolved "https://registry.yarnpkg.com/optimist/-/optimist-0.6.1.tgz#da3ea74686fa21a19a111c326e90eb15a0196686"
  dependencies:
    minimist "~0.0.1"
    wordwrap "~0.0.2"

os-tmpdir@~1.0.1:
  version "1.0.2"
  resolved "https://registry.yarnpkg.com/os-tmpdir/-/os-tmpdir-1.0.2.tgz#bbe67406c79aa85c5cfec766fe5734555dfa1274"

p-limit@^1.1.0:
  version "1.3.0"
  resolved "https://registry.yarnpkg.com/p-limit/-/p-limit-1.3.0.tgz#b86bd5f0c25690911c7590fcbfc2010d54b3ccb8"
  dependencies:
    p-try "^1.0.0"

p-locate@^2.0.0:
  version "2.0.0"
  resolved "https://registry.yarnpkg.com/p-locate/-/p-locate-2.0.0.tgz#20a0103b222a70c8fd39cc2e580680f3dde5ec43"
  dependencies:
    p-limit "^1.1.0"

p-try@^1.0.0:
  version "1.0.0"
  resolved "https://registry.yarnpkg.com/p-try/-/p-try-1.0.0.tgz#cbc79cdbaf8fd4228e13f621f2b1a237c1b207b3"

parseurl@~1.3.2:
  version "1.3.2"
  resolved "https://registry.yarnpkg.com/parseurl/-/parseurl-1.3.2.tgz#fc289d4ed8993119460c156253262cdc8de65bf3"

path-exists@^3.0.0:
  version "3.0.0"
  resolved "https://registry.yarnpkg.com/path-exists/-/path-exists-3.0.0.tgz#ce0ebeaa5f78cb18925ea7d810d7b59b010fd515"

path-is-absolute@^1.0.0:
  version "1.0.1"
  resolved "https://registry.yarnpkg.com/path-is-absolute/-/path-is-absolute-1.0.1.tgz#174b9268735534ffbc7ace6bf53a5a9e1b5c5f5f"

path-parse@^1.0.5:
  version "1.0.6"
  resolved "https://registry.yarnpkg.com/path-parse/-/path-parse-1.0.6.tgz#d62dbb5679405d72c4737ec58600e9ddcf06d24c"

path-posix@^1.0.0:
  version "1.0.0"
  resolved "https://registry.yarnpkg.com/path-posix/-/path-posix-1.0.0.tgz#06b26113f56beab042545a23bfa88003ccac260f"

pathval@^1.0.0:
  version "1.1.0"
  resolved "https://registry.yarnpkg.com/pathval/-/pathval-1.1.0.tgz#b942e6d4bde653005ef6b71361def8727d0645e0"

pkg-up@^2.0.0:
  version "2.0.0"
  resolved "https://registry.yarnpkg.com/pkg-up/-/pkg-up-2.0.0.tgz#c819ac728059a461cab1c3889a2be3c49a004d7f"
  dependencies:
    find-up "^2.1.0"

promise-map-series@^0.2.1:
  version "0.2.3"
  resolved "https://registry.yarnpkg.com/promise-map-series/-/promise-map-series-0.2.3.tgz#c2d377afc93253f6bd03dbb77755eb88ab20a847"
  dependencies:
    rsvp "^3.0.14"

ps-node@^0.1.6:
  version "0.1.6"
  resolved "https://registry.yarnpkg.com/ps-node/-/ps-node-0.1.6.tgz#9af67a99d7b1d0132e51a503099d38a8d2ace2c3"
  dependencies:
    table-parser "^0.1.3"

quick-temp@^0.1.2, quick-temp@^0.1.3:
  version "0.1.8"
  resolved "https://registry.yarnpkg.com/quick-temp/-/quick-temp-0.1.8.tgz#bab02a242ab8fb0dd758a3c9776b32f9a5d94408"
  dependencies:
    mktemp "~0.4.0"
    rimraf "^2.5.4"
    underscore.string "~3.3.4"

repeat-string@^1.5.2:
  version "1.6.1"
  resolved "https://registry.yarnpkg.com/repeat-string/-/repeat-string-1.6.1.tgz#8dcae470e1c88abc2d600fff4a776286da75e637"

reselect@^3.0.1:
  version "3.0.1"
  resolved "https://registry.yarnpkg.com/reselect/-/reselect-3.0.1.tgz#efdaa98ea7451324d092b2b2163a6a1d7a9a2147"

resolve@^1.3.2, resolve@^1.4.0:
  version "1.8.1"
  resolved "https://registry.yarnpkg.com/resolve/-/resolve-1.8.1.tgz#82f1ec19a423ac1fbd080b0bab06ba36e84a7a26"
  dependencies:
    path-parse "^1.0.5"

right-align@^0.1.1:
  version "0.1.3"
  resolved "https://registry.yarnpkg.com/right-align/-/right-align-0.1.3.tgz#61339b722fe6a3515689210d24e14c96148613ef"
  dependencies:
    align-text "^0.1.1"

rimraf@^2.2.8, rimraf@^2.3.4, rimraf@^2.4.3, rimraf@^2.5.3, rimraf@^2.5.4, rimraf@^2.6.1, rimraf@^2.6.2:
  version "2.6.2"
  resolved "https://registry.yarnpkg.com/rimraf/-/rimraf-2.6.2.tgz#2ed8150d24a16ea8651e6d6ef0f47c4158ce7a36"
  dependencies:
    glob "^7.0.5"

rsvp@^3.0.14, rsvp@^3.0.17, rsvp@^3.0.18:
  version "3.6.2"
  resolved "https://registry.yarnpkg.com/rsvp/-/rsvp-3.6.2.tgz#2e96491599a96cde1b515d5674a8f7a91452926a"

rsvp@^4.8.3:
  version "4.8.3"
  resolved "https://registry.yarnpkg.com/rsvp/-/rsvp-4.8.3.tgz#25d4b9fdd0f95e216eb5884d9b3767d3fbfbe2cd"

rsvp@~3.2.1:
  version "3.2.1"
  resolved "https://registry.yarnpkg.com/rsvp/-/rsvp-3.2.1.tgz#07cb4a5df25add9e826ebc67dcc9fd89db27d84a"

semver@^5.4.1:
  version "5.5.1"
  resolved "https://registry.yarnpkg.com/semver/-/semver-5.5.1.tgz#7dfdd8814bdb7cabc7be0fb1d734cfb66c940477"

source-map@^0.4.4:
  version "0.4.4"
  resolved "https://registry.yarnpkg.com/source-map/-/source-map-0.4.4.tgz#eba4f5da9c0dc999de68032d8b4f76173652036b"
  dependencies:
    amdefine ">=0.0.4"

source-map@^0.5.0, source-map@~0.5.1:
  version "0.5.7"
  resolved "https://registry.yarnpkg.com/source-map/-/source-map-0.5.7.tgz#8a039d2d1021d22d1ea14c80d8ea468ba2ef3fcc"

sprintf-js@^1.0.3:
  version "1.1.1"
  resolved "https://registry.yarnpkg.com/sprintf-js/-/sprintf-js-1.1.1.tgz#36be78320afe5801f6cea3ee78b6e5aab940ea0c"

statuses@~1.3.1:
  version "1.3.1"
  resolved "https://registry.yarnpkg.com/statuses/-/statuses-1.3.1.tgz#faf51b9eb74aaef3b3acf4ad5f61abf24cb7b93e"

supports-color@5.4.0:
  version "5.4.0"
  resolved "https://registry.yarnpkg.com/supports-color/-/supports-color-5.4.0.tgz#1c6b337402c2137605efe19f10fec390f6faab54"
  dependencies:
    has-flag "^3.0.0"

supports-color@^5.3.0:
  version "5.5.0"
  resolved "https://registry.yarnpkg.com/supports-color/-/supports-color-5.5.0.tgz#e2e69a44ac8772f78a1ec0b35b689df6530efc8f"
  dependencies:
    has-flag "^3.0.0"

symlink-or-copy@^1.0.0, symlink-or-copy@^1.0.1, symlink-or-copy@^1.1.8:
  version "1.2.0"
  resolved "https://registry.yarnpkg.com/symlink-or-copy/-/symlink-or-copy-1.2.0.tgz#5d49108e2ab824a34069b68974486c290020b393"

table-parser@^0.1.3:
  version "0.1.3"
  resolved "https://registry.yarnpkg.com/table-parser/-/table-parser-0.1.3.tgz#0441cfce16a59481684c27d1b5a67ff15a43c7b0"
  dependencies:
    connected-domain "^1.0.0"

"textextensions@1 || 2":
  version "2.2.0"
  resolved "https://registry.yarnpkg.com/textextensions/-/textextensions-2.2.0.tgz#38ac676151285b658654581987a0ce1a4490d286"

tmp@0.0.28:
  version "0.0.28"
  resolved "https://registry.yarnpkg.com/tmp/-/tmp-0.0.28.tgz#172735b7f614ea7af39664fa84cf0de4e515d120"
  dependencies:
    os-tmpdir "~1.0.1"

to-fast-properties@^2.0.0:
  version "2.0.0"
  resolved "https://registry.yarnpkg.com/to-fast-properties/-/to-fast-properties-2.0.0.tgz#dc5e698cbd079265bc73e0377681a4e4e83f616e"

trim-right@^1.0.1:
  version "1.0.1"
  resolved "https://registry.yarnpkg.com/trim-right/-/trim-right-1.0.1.tgz#cb2e1203067e0c8de1f614094b9fe45704ea6003"

type-detect@^4.0.0:
  version "4.0.8"
  resolved "https://registry.yarnpkg.com/type-detect/-/type-detect-4.0.8.tgz#7646fb5f18871cfbb7749e69bd39a6388eb7450c"

uglify-js@^2.6:
  version "2.8.29"
  resolved "https://registry.yarnpkg.com/uglify-js/-/uglify-js-2.8.29.tgz#29c5733148057bb4e1f75df35b7a9cb72e6a59dd"
  dependencies:
    source-map "~0.5.1"
    yargs "~3.10.0"
  optionalDependencies:
    uglify-to-browserify "~1.0.0"

uglify-to-browserify@~1.0.0:
  version "1.0.2"
  resolved "https://registry.yarnpkg.com/uglify-to-browserify/-/uglify-to-browserify-1.0.2.tgz#6e0924d6bda6b5afe349e39a6d632850a0f882b7"

underscore.string@~3.3.4:
  version "3.3.4"
  resolved "https://registry.yarnpkg.com/underscore.string/-/underscore.string-3.3.4.tgz#2c2a3f9f83e64762fdc45e6ceac65142864213db"
  dependencies:
    sprintf-js "^1.0.3"
    util-deprecate "^1.0.2"

unpipe@~1.0.0:
  version "1.0.0"
  resolved "https://registry.yarnpkg.com/unpipe/-/unpipe-1.0.0.tgz#b2bf4ee8514aae6165b4817829d21b2ef49904ec"

username-sync@1.0.1:
  version "1.0.1"
  resolved "https://registry.yarnpkg.com/username-sync/-/username-sync-1.0.1.tgz#1cde87eefcf94b8822984d938ba2b797426dae1f"

util-deprecate@^1.0.2:
  version "1.0.2"
  resolved "https://registry.yarnpkg.com/util-deprecate/-/util-deprecate-1.0.2.tgz#450d4dc9fa70de732762fbd2d4a28981419a0ccf"

utils-merge@1.0.1:
  version "1.0.1"
  resolved "https://registry.yarnpkg.com/utils-merge/-/utils-merge-1.0.1.tgz#9f95710f50a267947b2ccc124741c1028427e713"

walk-sync@^0.2.6:
  version "0.2.7"
  resolved "https://registry.yarnpkg.com/walk-sync/-/walk-sync-0.2.7.tgz#b49be4ee6867657aeb736978b56a29d10fa39969"
  dependencies:
    ensure-posix-path "^1.0.0"
    matcher-collection "^1.0.0"

walk-sync@^0.3.1:
  version "0.3.3"
  resolved "https://registry.yarnpkg.com/walk-sync/-/walk-sync-0.3.3.tgz#1e9f12cd4fe6e0e6d4a0715b5cc7e30711d43cd1"
  dependencies:
    ensure-posix-path "^1.0.0"
    matcher-collection "^1.0.0"

window-size@0.1.0:
  version "0.1.0"
  resolved "https://registry.yarnpkg.com/window-size/-/window-size-0.1.0.tgz#5438cd2ea93b202efa3a19fe8887aee7c94f9c9d"

wordwrap@0.0.2:
  version "0.0.2"
  resolved "https://registry.yarnpkg.com/wordwrap/-/wordwrap-0.0.2.tgz#b79669bb42ecb409f83d583cad52ca17eaa1643f"

wordwrap@~0.0.2:
  version "0.0.3"
  resolved "https://registry.yarnpkg.com/wordwrap/-/wordwrap-0.0.3.tgz#a3d5da6cd5c0bc0008d37234bbaf1bed63059107"

workerpool@^2.3.1:
  version "2.3.1"
  resolved "https://registry.yarnpkg.com/workerpool/-/workerpool-2.3.1.tgz#6872d3a749dd820d42b8390abaac20fb14ce4c81"
  dependencies:
    object-assign "4.1.1"

wrappy@1:
  version "1.0.2"
  resolved "https://registry.yarnpkg.com/wrappy/-/wrappy-1.0.2.tgz#b5243d8f3ec1aa35f1364605bc0d1036e30ab69f"

yargs@~3.10.0:
  version "3.10.0"
  resolved "https://registry.yarnpkg.com/yargs/-/yargs-3.10.0.tgz#f7ee7bd857dd7c1d2d38c0e74efbd681d1431fd1"
  dependencies:
    camelcase "^1.0.2"
    cliui "^2.1.0"
    decamelize "^1.0.0"
    window-size "0.1.0"
